// !$*UTF8*$!
{
	archiveVersion = 1;
	classes = {
	};
	objectVersion = 56;
	objects = {

/* Begin PBXBuildFile section */
		1203FA062D1979E000664EF4 /* Day23Input.Test1.txt in Resources.2024 */ = {isa = PBXBuildFile; fileRef = 1203FA052D1979E000664EF4 /* Day23Input.Test1.txt */; };
		1203FA082D197A1F00664EF4 /* 2024Day23.swift in Sources */ = {isa = PBXBuildFile; fileRef = 1203FA072D197A1F00664EF4 /* 2024Day23.swift */; };
		1203FA0A2D197F4E00664EF4 /* Day23Input.txt in Resources.2024 */ = {isa = PBXBuildFile; fileRef = 1203FA092D197F4E00664EF4 /* Day23Input.txt */; };
		12111E4C2D1BF37800E836E5 /* Day25Input.Test1.txt in Resources.2024 */ = {isa = PBXBuildFile; fileRef = 12111E4B2D1BF37800E836E5 /* Day25Input.Test1.txt */; };
		12111E4E2D1BF3A100E836E5 /* Day25Input.txt in Resources.2024 */ = {isa = PBXBuildFile; fileRef = 12111E4D2D1BF3A100E836E5 /* Day25Input.txt */; };
		12111E522D1BF41800E836E5 /* 2024Day25.swift in Sources */ = {isa = PBXBuildFile; fileRef = 12111E512D1BF41800E836E5 /* 2024Day25.swift */; };
		123393BB2D086FBF00DD956D /* 2024Day10.swift in Sources */ = {isa = PBXBuildFile; fileRef = 123393BA2D086FBF00DD956D /* 2024Day10.swift */; };
		123393BD2D08701500DD956D /* Day10Input.Test1.txt in Resources.2024 */ = {isa = PBXBuildFile; fileRef = 123393BC2D08701500DD956D /* Day10Input.Test1.txt */; };
		123393BF2D08739F00DD956D /* Day10Input.txt in Resources.2024 */ = {isa = PBXBuildFile; fileRef = 123393BE2D08739F00DD956D /* Day10Input.txt */; };
		1238C8222CFD9B4F00F6AC66 /* 2024Day2.swift in Sources */ = {isa = PBXBuildFile; fileRef = 1238C8212CFD9B4900F6AC66 /* 2024Day2.swift */; };
		1238C8242CFD9B7300F6AC66 /* Day2Input.Test1.txt in Resources.2024 */ = {isa = PBXBuildFile; fileRef = 1238C8232CFD9B7300F6AC66 /* Day2Input.Test1.txt */; };
		1238C8262CFD9F9400F6AC66 /* Day2Input.txt in Resources.2024 */ = {isa = PBXBuildFile; fileRef = 1238C8252CFD9F9400F6AC66 /* Day2Input.txt */; };
		125B8F0C2B38D7370072A38C /* SwiftZ3 in Frameworks */ = {isa = PBXBuildFile; productRef = 125B8F0B2B38D7370072A38C /* SwiftZ3 */; };
		1271D4A02B38D216006133F9 /* main.swift in Sources */ = {isa = PBXBuildFile; fileRef = 1271D49F2B38D216006133F9 /* main.swift */; };
		127904072D16D93000245B9B /* Day21Input.Test1.txt in Resources.2024 */ = {isa = PBXBuildFile; fileRef = 127904062D16D93000245B9B /* Day21Input.Test1.txt */; };
		127904092D16D94200245B9B /* 2024Day21.swift in Sources */ = {isa = PBXBuildFile; fileRef = 127904082D16D94200245B9B /* 2024Day21.swift */; };
		1279040B2D17095700245B9B /* Day21Input.txt in Resources.2024 */ = {isa = PBXBuildFile; fileRef = 1279040A2D17095700245B9B /* Day21Input.txt */; };
		127D21A12D0190E6009D0C6E /* Day5Input.Test1.txt in Resources.2024 */ = {isa = PBXBuildFile; fileRef = 127D21A02D0190E6009D0C6E /* Day5Input.Test1.txt */; };
		127D21A32D019101009D0C6E /* 2024Day5.swift in Sources */ = {isa = PBXBuildFile; fileRef = 127D21A22D019101009D0C6E /* 2024Day5.swift */; };
		127D21A52D019CE6009D0C6E /* Day5Input.txt in Resources.2024 */ = {isa = PBXBuildFile; fileRef = 127D21A42D019CE6009D0C6E /* Day5Input.txt */; };
		1284F84B2D0DC34200B5E106 /* Day14Input.txt in Resources.2024 */ = {isa = PBXBuildFile; fileRef = 1284F84A2D0DC34200B5E106 /* Day14Input.txt */; };
		12967F492D0C274B004AB58D /* Day13Input.Test1.txt in Resources.2024 */ = {isa = PBXBuildFile; fileRef = 12967F482D0C274B004AB58D /* Day13Input.Test1.txt */; };
		12967F4B2D0C275B004AB58D /* 2024Day13.swift in Sources */ = {isa = PBXBuildFile; fileRef = 12967F4A2D0C275B004AB58D /* 2024Day13.swift */; };
		12967F4D2D0C30B1004AB58D /* Day13Input.txt in Resources.2024 */ = {isa = PBXBuildFile; fileRef = 12967F4C2D0C30B1004AB58D /* Day13Input.txt */; };
		129822D02B38D30900EA63D9 /* SwiftZ3 in Frameworks */ = {isa = PBXBuildFile; productRef = 129822CF2B38D30900EA63D9 /* SwiftZ3 */; };
		129CBE2B2D15470A00DE5F82 /* Day20Input.Test1.txt in Resources.2024 */ = {isa = PBXBuildFile; fileRef = 129CBE2A2D15470A00DE5F82 /* Day20Input.Test1.txt */; };
		129CBE2D2D15471800DE5F82 /* 2024Day20.swift in Sources */ = {isa = PBXBuildFile; fileRef = 129CBE2C2D15471800DE5F82 /* 2024Day20.swift */; };
		129CBE2F2D15505000DE5F82 /* Day20Input.txt in Resources.2024 */ = {isa = PBXBuildFile; fileRef = 129CBE2E2D15505000DE5F82 /* Day20Input.txt */; };
		12A17D112D12B8C10060F2E0 /* Day18Input.Test1.txt in Resources.2024 */ = {isa = PBXBuildFile; fileRef = 12A17D102D12B8C10060F2E0 /* Day18Input.Test1.txt */; };
		12A17D132D12B93F0060F2E0 /* 2024Day18.swift in Sources */ = {isa = PBXBuildFile; fileRef = 12A17D122D12B93F0060F2E0 /* 2024Day18.swift */; };
		12A17D152D12C10E0060F2E0 /* Day18Input.txt in Resources.2024 */ = {isa = PBXBuildFile; fileRef = 12A17D142D12C10E0060F2E0 /* Day18Input.txt */; };
		12AEC5792D0AFBB20009AD13 /* Day12Input.Test1.txt in Resources.2024 */ = {isa = PBXBuildFile; fileRef = 12AEC5782D0AFBB20009AD13 /* Day12Input.Test1.txt */; };
		12AEC57B2D0AFBC30009AD13 /* 2024Day12.swift in Sources */ = {isa = PBXBuildFile; fileRef = 12AEC57A2D0AFBC30009AD13 /* 2024Day12.swift */; };
		12AEC57D2D0B017C0009AD13 /* Day12Input.Test2.txt in Resources.2024 */ = {isa = PBXBuildFile; fileRef = 12AEC57C2D0B017C0009AD13 /* Day12Input.Test2.txt */; };
		12AEC57F2D0B08180009AD13 /* Day12Input.txt in Resources.2024 */ = {isa = PBXBuildFile; fileRef = 12AEC57E2D0B08180009AD13 /* Day12Input.txt */; };
		12C0B8CB2D098645009D5F34 /* 2024Day11.swift in Sources */ = {isa = PBXBuildFile; fileRef = 12C0B8CA2D098645009D5F34 /* 2024Day11.swift */; };
		12C0B8CD2D09867B009D5F34 /* Day11Input.Test1.txt in Resources.2024 */ = {isa = PBXBuildFile; fileRef = 12C0B8CC2D09867B009D5F34 /* Day11Input.Test1.txt */; };
		12C0B8CF2D09882F009D5F34 /* Day11Input.Test2.txt in Resources.2024 */ = {isa = PBXBuildFile; fileRef = 12C0B8CE2D09882F009D5F34 /* Day11Input.Test2.txt */; };
		12C0B8D12D0988A3009D5F34 /* Day11Input.txt in Resources.2024 */ = {isa = PBXBuildFile; fileRef = 12C0B8D02D0988A3009D5F34 /* Day11Input.txt */; };
		12C0ECC92D1814680062621F /* 2024Day22.swift in Sources */ = {isa = PBXBuildFile; fileRef = 12C0ECC82D1814680062621F /* 2024Day22.swift */; };
		12C0ECCB2D1817BB0062621F /* Day22Input.Test1.txt in Resources.2024 */ = {isa = PBXBuildFile; fileRef = 12C0ECCA2D1817BB0062621F /* Day22Input.Test1.txt */; };
		12C0ECCD2D18191D0062621F /* Day22Input.txt in Resources.2024 */ = {isa = PBXBuildFile; fileRef = 12C0ECCC2D18191D0062621F /* Day22Input.txt */; };
		12C0ECCF2D181B4A0062621F /* Day22Input.Test2.txt in Resources.2024 */ = {isa = PBXBuildFile; fileRef = 12C0ECCE2D181B4A0062621F /* Day22Input.Test2.txt */; };
		12C0ECD22D1848C90062621F /* Algorithms in Frameworks */ = {isa = PBXBuildFile; productRef = 12C0ECD12D1848C90062621F /* Algorithms */; };
		12C0ECD42D1855940062621F /* Collection+Parallel.swift in Sources */ = {isa = PBXBuildFile; fileRef = 12C0ECD32D18558A0062621F /* Collection+Parallel.swift */; };
		12C4B2B52D11B1BF0096ED00 /* Day17Input.Test1.txt in Resources.2024 */ = {isa = PBXBuildFile; fileRef = 12C4B2B42D11B1BF0096ED00 /* Day17Input.Test1.txt */; };
		12C4B2B72D11B1E80096ED00 /* 2024Day17.swift in Sources */ = {isa = PBXBuildFile; fileRef = 12C4B2B62D11B1E80096ED00 /* 2024Day17.swift */; };
		12C4B2B92D11BDF70096ED00 /* Day17Input.txt in Resources.2024 */ = {isa = PBXBuildFile; fileRef = 12C4B2B82D11BDF70096ED00 /* Day17Input.txt */; };
		12C4B2BC2D11F94C0096ED00 /* BitCollections in Frameworks */ = {isa = PBXBuildFile; productRef = 12C4B2BB2D11F94C0096ED00 /* BitCollections */; };
		12C4B2BE2D11F94C0096ED00 /* Collections in Frameworks */ = {isa = PBXBuildFile; productRef = 12C4B2BD2D11F94C0096ED00 /* Collections */; };
		12C4B2C02D11F94D0096ED00 /* DequeModule in Frameworks */ = {isa = PBXBuildFile; productRef = 12C4B2BF2D11F94D0096ED00 /* DequeModule */; };
		12C4B2C22D11F94D0096ED00 /* HashTreeCollections in Frameworks */ = {isa = PBXBuildFile; productRef = 12C4B2C12D11F94D0096ED00 /* HashTreeCollections */; };
		12C4B2C42D11F94D0096ED00 /* HeapModule in Frameworks */ = {isa = PBXBuildFile; productRef = 12C4B2C32D11F94D0096ED00 /* HeapModule */; };
		12C4B2C62D11FAF00096ED00 /* Day17Input.Test2.txt in Resources.2024 */ = {isa = PBXBuildFile; fileRef = 12C4B2C52D11FAF00096ED00 /* Day17Input.Test2.txt */; };
		12D6EED52D101CE300B7F485 /* Day16Input.Test1.txt in Resources.2024 */ = {isa = PBXBuildFile; fileRef = 12D6EED42D101CE300B7F485 /* Day16Input.Test1.txt */; };
		12D6EED72D101D0300B7F485 /* Day16Input.Test2.txt in Resources.2024 */ = {isa = PBXBuildFile; fileRef = 12D6EED62D101D0300B7F485 /* Day16Input.Test2.txt */; };
		12D6EED92D101D1F00B7F485 /* 2024Day16.swift in Sources */ = {isa = PBXBuildFile; fileRef = 12D6EED82D101D1F00B7F485 /* 2024Day16.swift */; };
		12D6EEDB2D10326300B7F485 /* Day16Input.txt in Resources.2024 */ = {isa = PBXBuildFile; fileRef = 12D6EEDA2D10326300B7F485 /* Day16Input.txt */; };
		12E196042D0EE2FD001D9DC2 /* Day15Input.Test1.txt in Resources.2024 */ = {isa = PBXBuildFile; fileRef = 12E196032D0EE2FD001D9DC2 /* Day15Input.Test1.txt */; };
		12E196062D0EE311001D9DC2 /* Day15Input.Test2.txt in Resources.2024 */ = {isa = PBXBuildFile; fileRef = 12E196052D0EE311001D9DC2 /* Day15Input.Test2.txt */; };
		12E196082D0EE321001D9DC2 /* Day15Input.txt in Resources.2024 */ = {isa = PBXBuildFile; fileRef = 12E196072D0EE321001D9DC2 /* Day15Input.txt */; };
		12E1960A2D0EE336001D9DC2 /* 2024Day15.swift in Sources */ = {isa = PBXBuildFile; fileRef = 12E196092D0EE336001D9DC2 /* 2024Day15.swift */; };
		12E7E8F32D02E64C0061F34D /* Day6Input.Test1.txt in Resources.2024 */ = {isa = PBXBuildFile; fileRef = 12E7E8F22D02E64C0061F34D /* Day6Input.Test1.txt */; };
		12E7E8F52D02E65F0061F34D /* 2024Day6.swift in Sources */ = {isa = PBXBuildFile; fileRef = 12E7E8F42D02E65F0061F34D /* 2024Day6.swift */; };
		12E7E8F72D02EAAD0061F34D /* Day6Input.txt in Resources.2024 */ = {isa = PBXBuildFile; fileRef = 12E7E8F62D02EAAD0061F34D /* Day6Input.txt */; };
		12E7E8FC2D0307CA0061F34D /* Atomics in Frameworks */ = {isa = PBXBuildFile; productRef = 12E7E8FB2D0307CA0061F34D /* Atomics */; };
		12F427FC2D1AF5A40013FBAC /* Day24Input.txt in Resources.2024 */ = {isa = PBXBuildFile; fileRef = 12F427FB2D1AF5A40013FBAC /* Day24Input.txt */; };
		12F427FE2D1AF5A70013FBAC /* Day24Input.Test1.txt in Resources.2024 */ = {isa = PBXBuildFile; fileRef = 12F427FD2D1AF5A70013FBAC /* Day24Input.Test1.txt */; };
		12F428002D1AF5C50013FBAC /* Day24Input.Test2.txt in Resources.2024 */ = {isa = PBXBuildFile; fileRef = 12F427FF2D1AF5C50013FBAC /* Day24Input.Test2.txt */; };
		12F428022D1AF5FD0013FBAC /* 2024Day24.swift in Sources */ = {isa = PBXBuildFile; fileRef = 12F428012D1AF5FD0013FBAC /* 2024Day24.swift */; };
		12F5755D2D14112900DEACE3 /* 2024Day19.swift in Sources */ = {isa = PBXBuildFile; fileRef = 12F5755C2D14112900DEACE3 /* 2024Day19.swift */; };
		12F5755F2D14116100DEACE3 /* Day19Input.Test1.txt in Resources.2024 */ = {isa = PBXBuildFile; fileRef = 12F5755E2D14116100DEACE3 /* Day19Input.Test1.txt */; };
		12F575612D1413BC00DEACE3 /* Day19Input.txt in Resources.2024 */ = {isa = PBXBuildFile; fileRef = 12F575602D1413BC00DEACE3 /* Day19Input.txt */; };
		34556D7F2D04D90E00423D6F /* 2015Day5.swift in Sources */ = {isa = PBXBuildFile; fileRef = 34556D7E2D04D90E00423D6F /* 2015Day5.swift */; };
		34556D812D04D91800423D6F /* Day5Input.Test1.txt in Resources.2015 */ = {isa = PBXBuildFile; fileRef = 34556D802D04D91800423D6F /* Day5Input.Test1.txt */; };
		34556D832D04DE7E00423D6F /* Day5Input.txt in Resources.2015 */ = {isa = PBXBuildFile; fileRef = 34556D822D04DE7E00423D6F /* Day5Input.txt */; };
		34556D852D04EB0700423D6F /* Day5Input.Test2.txt in Resources.2015 */ = {isa = PBXBuildFile; fileRef = 34556D842D04EB0700423D6F /* Day5Input.Test2.txt */; };
		34556D872D05927900423D6F /* Day8Input.Test1.txt in Resources.2024 */ = {isa = PBXBuildFile; fileRef = 34556D862D05927900423D6F /* Day8Input.Test1.txt */; };
		34556D892D05929200423D6F /* 2024Day8.swift in Sources */ = {isa = PBXBuildFile; fileRef = 34556D882D05929200423D6F /* 2024Day8.swift */; };
		34556D8B2D0593D000423D6F /* Day8Input.txt in Resources.2024 */ = {isa = PBXBuildFile; fileRef = 34556D8A2D0593D000423D6F /* Day8Input.txt */; };
		34556D8D2D059D7000423D6F /* Day8Input.Test2.txt in Resources.2024 */ = {isa = PBXBuildFile; fileRef = 34556D8C2D059D7000423D6F /* Day8Input.Test2.txt */; };
		34556D8F2D06B47F00423D6F /* 2024Day9.swift in Sources */ = {isa = PBXBuildFile; fileRef = 34556D8E2D06B47F00423D6F /* 2024Day9.swift */; };
		34556D912D06B48900423D6F /* Day9Input.Test1.txt in Resources.2024 */ = {isa = PBXBuildFile; fileRef = 34556D902D06B48900423D6F /* Day9Input.Test1.txt */; };
		34556D932D06B4BF00423D6F /* Day9Input.txt in Resources.2024 */ = {isa = PBXBuildFile; fileRef = 34556D922D06B4BF00423D6F /* Day9Input.txt */; };
		34556DE72D0D7C4A00423D6F /* Day14Input.Test1.txt in Resources.2024 */ = {isa = PBXBuildFile; fileRef = 34556DE62D0D7C4A00423D6F /* Day14Input.Test1.txt */; };
		34556DE92D0D7CD400423D6F /* 2024Day14.swift in Sources */ = {isa = PBXBuildFile; fileRef = 34556DE82D0D7CD400423D6F /* 2024Day14.swift */; };
		34580A312D1EAA1A002616C6 /* 2015Day6.swift in Sources */ = {isa = PBXBuildFile; fileRef = 34580A302D1EAA1A002616C6 /* 2015Day6.swift */; };
		34580A332D1EAB18002616C6 /* Day6Input.txt in Resources.2015 */ = {isa = PBXBuildFile; fileRef = 34580A322D1EAB18002616C6 /* Day6Input.txt */; };
		34AFBAA82D001BC40088ED8F /* 2024Day4.swift in Sources */ = {isa = PBXBuildFile; fileRef = 34AFBAA72D001BC40088ED8F /* 2024Day4.swift */; };
		34AFBAAA2D001BF80088ED8F /* Day4Input.Test1.txt in Resources.2024 */ = {isa = PBXBuildFile; fileRef = 34AFBAA92D001BF80088ED8F /* Day4Input.Test1.txt */; };
		34AFBAAC2D0049610088ED8F /* Day4Input.txt in Resources.2024 */ = {isa = PBXBuildFile; fileRef = 34AFBAAB2D0049610088ED8F /* Day4Input.txt */; };
		34AFBB1D2D0422D20088ED8F /* Day7Input.Test1.txt in Resources.2024 */ = {isa = PBXBuildFile; fileRef = 34AFBB1C2D0422D20088ED8F /* Day7Input.Test1.txt */; };
		34AFBB1F2D0422F10088ED8F /* 2024Day7.swift in Sources */ = {isa = PBXBuildFile; fileRef = 34AFBB1E2D0422F10088ED8F /* 2024Day7.swift */; };
		34AFBB212D0429320088ED8F /* Day7Input.txt in Resources.2024 */ = {isa = PBXBuildFile; fileRef = 34AFBB202D0429320088ED8F /* Day7Input.txt */; };
		34B3BE8D2CFC576500F36067 /* Direction2D.swift in Sources */ = {isa = PBXBuildFile; fileRef = 34B3BE852CFC576500F36067 /* Direction2D.swift */; };
		34B3BE8E2CFC576500F36067 /* Sequence.swift in Sources */ = {isa = PBXBuildFile; fileRef = 34B3BE8A2CFC576500F36067 /* Sequence.swift */; };
		34B3BE912CFC576500F36067 /* Math.swift in Sources */ = {isa = PBXBuildFile; fileRef = 34B3BE882CFC576500F36067 /* Math.swift */; };
		34B3BE922CFC576500F36067 /* Collection.swift in Sources */ = {isa = PBXBuildFile; fileRef = 34B3BE842CFC576500F36067 /* Collection.swift */; };
		34B3BE932CFC576500F36067 /* Point2D.swift in Sources */ = {isa = PBXBuildFile; fileRef = 34B3BE892CFC576500F36067 /* Point2D.swift */; };
		34B3BE942CFC576500F36067 /* String.swift in Sources */ = {isa = PBXBuildFile; fileRef = 34B3BE8B2CFC576500F36067 /* String.swift */; };
		34B3BE952CFC576500F36067 /* Beam2D.swift in Sources */ = {isa = PBXBuildFile; fileRef = 34B3BE832CFC576500F36067 /* Beam2D.swift */; };
		34B3BE9F2CFC5B0F00F36067 /* Day1Input.txt in Resources.2024 */ = {isa = PBXBuildFile; fileRef = 34B3BE9E2CFC5ABA00F36067 /* Day1Input.txt */; };
		34B3BEA32CFC5BA500F36067 /* 2024.swift in Sources */ = {isa = PBXBuildFile; fileRef = 34B3BEA02CFC5BA500F36067 /* 2024.swift */; };
		34B3BEA42CFC5BA500F36067 /* 2024Day1.swift in Sources */ = {isa = PBXBuildFile; fileRef = 34B3BEA12CFC5BA500F36067 /* 2024Day1.swift */; };
		34B3BF7A2CFC715000F36067 /* 2023.swift in Sources */ = {isa = PBXBuildFile; fileRef = 34B3BF5F2CFC715000F36067 /* 2023.swift */; };
		34B3BF7B2CFC715000F36067 /* 2023Day1.swift in Sources */ = {isa = PBXBuildFile; fileRef = 34B3BF602CFC715000F36067 /* 2023Day1.swift */; };
		34B3BF7C2CFC715000F36067 /* 2023Day2.swift in Sources */ = {isa = PBXBuildFile; fileRef = 34B3BF612CFC715000F36067 /* 2023Day2.swift */; };
		34B3BF7D2CFC715000F36067 /* 2023Day3.swift in Sources */ = {isa = PBXBuildFile; fileRef = 34B3BF622CFC715000F36067 /* 2023Day3.swift */; };
		34B3BF7E2CFC715000F36067 /* 2023Day4.swift in Sources */ = {isa = PBXBuildFile; fileRef = 34B3BF632CFC715000F36067 /* 2023Day4.swift */; };
		34B3BF7F2CFC715000F36067 /* 2023Day5.swift in Sources */ = {isa = PBXBuildFile; fileRef = 34B3BF642CFC715000F36067 /* 2023Day5.swift */; };
		34B3BF802CFC715000F36067 /* 2023Day6.swift in Sources */ = {isa = PBXBuildFile; fileRef = 34B3BF652CFC715000F36067 /* 2023Day6.swift */; };
		34B3BF812CFC715000F36067 /* 2023Day7.swift in Sources */ = {isa = PBXBuildFile; fileRef = 34B3BF662CFC715000F36067 /* 2023Day7.swift */; };
		34B3BF822CFC715000F36067 /* 2023Day8.swift in Sources */ = {isa = PBXBuildFile; fileRef = 34B3BF672CFC715000F36067 /* 2023Day8.swift */; };
		34B3BF832CFC715000F36067 /* 2023Day9.swift in Sources */ = {isa = PBXBuildFile; fileRef = 34B3BF682CFC715000F36067 /* 2023Day9.swift */; };
		34B3BF842CFC715000F36067 /* 2023Day10.swift in Sources */ = {isa = PBXBuildFile; fileRef = 34B3BF692CFC715000F36067 /* 2023Day10.swift */; };
		34B3BF852CFC715000F36067 /* 2023Day11.swift in Sources */ = {isa = PBXBuildFile; fileRef = 34B3BF6A2CFC715000F36067 /* 2023Day11.swift */; };
		34B3BF862CFC715000F36067 /* 2023Day12.swift in Sources */ = {isa = PBXBuildFile; fileRef = 34B3BF6B2CFC715000F36067 /* 2023Day12.swift */; };
		34B3BF872CFC715000F36067 /* 2023Day13.swift in Sources */ = {isa = PBXBuildFile; fileRef = 34B3BF6C2CFC715000F36067 /* 2023Day13.swift */; };
		34B3BF882CFC715000F36067 /* 2023Day14.swift in Sources */ = {isa = PBXBuildFile; fileRef = 34B3BF6D2CFC715000F36067 /* 2023Day14.swift */; };
		34B3BF892CFC715000F36067 /* 2023Day15.swift in Sources */ = {isa = PBXBuildFile; fileRef = 34B3BF6E2CFC715000F36067 /* 2023Day15.swift */; };
		34B3BF8A2CFC715000F36067 /* 2023Day16.swift in Sources */ = {isa = PBXBuildFile; fileRef = 34B3BF6F2CFC715000F36067 /* 2023Day16.swift */; };
		34B3BF8B2CFC715000F36067 /* 2023Day17.swift in Sources */ = {isa = PBXBuildFile; fileRef = 34B3BF702CFC715000F36067 /* 2023Day17.swift */; };
		34B3BF8C2CFC715000F36067 /* 2023Day18.swift in Sources */ = {isa = PBXBuildFile; fileRef = 34B3BF712CFC715000F36067 /* 2023Day18.swift */; };
		34B3BF8D2CFC715000F36067 /* 2023Day19.swift in Sources */ = {isa = PBXBuildFile; fileRef = 34B3BF722CFC715000F36067 /* 2023Day19.swift */; };
		34B3BF8E2CFC715000F36067 /* 2023Day20.swift in Sources */ = {isa = PBXBuildFile; fileRef = 34B3BF732CFC715000F36067 /* 2023Day20.swift */; };
		34B3BF8F2CFC715000F36067 /* 2023Day21.swift in Sources */ = {isa = PBXBuildFile; fileRef = 34B3BF742CFC715000F36067 /* 2023Day21.swift */; };
		34B3BF902CFC715000F36067 /* 2023Day22.swift in Sources */ = {isa = PBXBuildFile; fileRef = 34B3BF752CFC715000F36067 /* 2023Day22.swift */; };
		34B3BF912CFC715000F36067 /* 2023Day23.swift in Sources */ = {isa = PBXBuildFile; fileRef = 34B3BF762CFC715000F36067 /* 2023Day23.swift */; };
		34B3BF922CFC715000F36067 /* 2023Day24.swift in Sources */ = {isa = PBXBuildFile; fileRef = 34B3BF772CFC715000F36067 /* 2023Day24.swift */; };
		34B3BF932CFC715000F36067 /* 2023Day25.swift in Sources */ = {isa = PBXBuildFile; fileRef = 34B3BF782CFC715000F36067 /* 2023Day25.swift */; };
		34B3BF942CFC715000F36067 /* Day19Input.txt in Resources.2023 */ = {isa = PBXBuildFile; fileRef = 34B3BF572CFC715000F36067 /* Day19Input.txt */; };
		34B3BF952CFC715000F36067 /* Day11Input.txt in Resources.2023 */ = {isa = PBXBuildFile; fileRef = 34B3BF4F2CFC715000F36067 /* Day11Input.txt */; };
		34B3BF962CFC715000F36067 /* Day24Input.txt in Resources.2023 */ = {isa = PBXBuildFile; fileRef = 34B3BF5C2CFC715000F36067 /* Day24Input.txt */; };
		34B3BF972CFC715000F36067 /* Day7Input.txt in Resources.2023 */ = {isa = PBXBuildFile; fileRef = 34B3BF4B2CFC715000F36067 /* Day7Input.txt */; };
		34B3BF982CFC715000F36067 /* Day12Input.txt in Resources.2023 */ = {isa = PBXBuildFile; fileRef = 34B3BF502CFC715000F36067 /* Day12Input.txt */; };
		34B3BF992CFC715000F36067 /* Day2Input.txt in Resources.2023 */ = {isa = PBXBuildFile; fileRef = 34B3BF462CFC715000F36067 /* Day2Input.txt */; };
		34B3BF9A2CFC715000F36067 /* Day25Input.txt in Resources.2023 */ = {isa = PBXBuildFile; fileRef = 34B3BF5D2CFC715000F36067 /* Day25Input.txt */; };
		34B3BF9B2CFC715000F36067 /* Day5Input.txt in Resources.2023 */ = {isa = PBXBuildFile; fileRef = 34B3BF492CFC715000F36067 /* Day5Input.txt */; };
		34B3BF9C2CFC715000F36067 /* Day16Input.txt in Resources.2023 */ = {isa = PBXBuildFile; fileRef = 34B3BF542CFC715000F36067 /* Day16Input.txt */; };
		34B3BF9D2CFC715000F36067 /* Day6Input.txt in Resources.2023 */ = {isa = PBXBuildFile; fileRef = 34B3BF4A2CFC715000F36067 /* Day6Input.txt */; };
		34B3BF9E2CFC715000F36067 /* Day17Input.txt in Resources.2023 */ = {isa = PBXBuildFile; fileRef = 34B3BF552CFC715000F36067 /* Day17Input.txt */; };
		34B3BF9F2CFC715000F36067 /* Day21Input.txt in Resources.2023 */ = {isa = PBXBuildFile; fileRef = 34B3BF592CFC715000F36067 /* Day21Input.txt */; };
		34B3BFA02CFC715000F36067 /* Day1Input.txt in Resources.2023 */ = {isa = PBXBuildFile; fileRef = 34B3BF452CFC715000F36067 /* Day1Input.txt */; };
		34B3BFA12CFC715000F36067 /* Day22Input.txt in Resources.2023 */ = {isa = PBXBuildFile; fileRef = 34B3BF5A2CFC715000F36067 /* Day22Input.txt */; };
		34B3BFA22CFC715000F36067 /* Day9Input.txt in Resources.2023 */ = {isa = PBXBuildFile; fileRef = 34B3BF4D2CFC715000F36067 /* Day9Input.txt */; };
		34B3BFA32CFC715000F36067 /* Day10Input.txt in Resources.2023 */ = {isa = PBXBuildFile; fileRef = 34B3BF4E2CFC715000F36067 /* Day10Input.txt */; };
		34B3BFA42CFC715000F36067 /* Day4Input.txt in Resources.2023 */ = {isa = PBXBuildFile; fileRef = 34B3BF482CFC715000F36067 /* Day4Input.txt */; };
		34B3BFA52CFC715000F36067 /* Day23Input.txt in Resources.2023 */ = {isa = PBXBuildFile; fileRef = 34B3BF5B2CFC715000F36067 /* Day23Input.txt */; };
		34B3BFA62CFC715000F36067 /* Day13Input.txt in Resources.2023 */ = {isa = PBXBuildFile; fileRef = 34B3BF512CFC715000F36067 /* Day13Input.txt */; };
		34B3BFA72CFC715000F36067 /* Day14Input.txt in Resources.2023 */ = {isa = PBXBuildFile; fileRef = 34B3BF522CFC715000F36067 /* Day14Input.txt */; };
		34B3BFA82CFC715000F36067 /* Day8Input.txt in Resources.2023 */ = {isa = PBXBuildFile; fileRef = 34B3BF4C2CFC715000F36067 /* Day8Input.txt */; };
		34B3BFA92CFC715000F36067 /* Day15Input.txt in Resources.2023 */ = {isa = PBXBuildFile; fileRef = 34B3BF532CFC715000F36067 /* Day15Input.txt */; };
		34B3BFAA2CFC715000F36067 /* Day3Input.txt in Resources.2023 */ = {isa = PBXBuildFile; fileRef = 34B3BF472CFC715000F36067 /* Day3Input.txt */; };
		34B3BFAB2CFC715000F36067 /* Day18Input.txt in Resources.2023 */ = {isa = PBXBuildFile; fileRef = 34B3BF562CFC715000F36067 /* Day18Input.txt */; };
		34B3BFAC2CFC715000F36067 /* Day20Input.txt in Resources.2023 */ = {isa = PBXBuildFile; fileRef = 34B3BF582CFC715000F36067 /* Day20Input.txt */; };
		34B3BFB52CFC716100F36067 /* 2015Day1.swift in Sources */ = {isa = PBXBuildFile; fileRef = 34B3BFB12CFC716100F36067 /* 2015Day1.swift */; };
		34B3BFB62CFC716100F36067 /* 2015Day3.swift in Sources */ = {isa = PBXBuildFile; fileRef = 34B3BFB32CFC716100F36067 /* 2015Day3.swift */; };
		34B3BFB72CFC716100F36067 /* 2015Day2.swift in Sources */ = {isa = PBXBuildFile; fileRef = 34B3BFB22CFC716100F36067 /* 2015Day2.swift */; };
		34B3BFB92CFC717400F36067 /* 2015.swift in Sources */ = {isa = PBXBuildFile; fileRef = 34B3BFB82CFC717100F36067 /* 2015.swift */; };
		34B3BFBB2CFC71AD00F36067 /* Day1Input.txt in Resources.2015 */ = {isa = PBXBuildFile; fileRef = 34B3BFAD2CFC716100F36067 /* Day1Input.txt */; };
		34B3BFBC2CFC71AD00F36067 /* Day2Input.txt in Resources.2015 */ = {isa = PBXBuildFile; fileRef = 34B3BFAE2CFC716100F36067 /* Day2Input.txt */; };
		34B3BFBD2CFC71AD00F36067 /* Day3Input.txt in Resources.2015 */ = {isa = PBXBuildFile; fileRef = 34B3BFAF2CFC716100F36067 /* Day3Input.txt */; };
		34B3BFBF2CFC74EB00F36067 /* Day1Input.Test1.txt in Resources.2024 */ = {isa = PBXBuildFile; fileRef = 34B3BFBE2CFC74EB00F36067 /* Day1Input.Test1.txt */; };
		34B3BFC32CFC762A00F36067 /* AoC.swift in Sources */ = {isa = PBXBuildFile; fileRef = 34B3BFC22CFC762300F36067 /* AoC.swift */; };
		34C95A562CFEC5C8002419FB /* Day3Input.txt in Resources.2024 */ = {isa = PBXBuildFile; fileRef = 34C95A542CFEC5C8002419FB /* Day3Input.txt */; };
		34C95A572CFEC5C8002419FB /* Day3Input.Test1.txt in Resources.2024 */ = {isa = PBXBuildFile; fileRef = 34C95A552CFEC5C8002419FB /* Day3Input.Test1.txt */; };
		34C95A592CFEC5F6002419FB /* 2024Day3.swift in Sources */ = {isa = PBXBuildFile; fileRef = 34C95A582CFEC5F6002419FB /* 2024Day3.swift */; };
		34C95A5B2CFECE3E002419FB /* Day3Input.Test2.txt in Resources.2024 */ = {isa = PBXBuildFile; fileRef = 34C95A5A2CFECE3E002419FB /* Day3Input.Test2.txt */; };
		34C95A942CFF6560002419FB /* 2015Day4.swift in Sources */ = {isa = PBXBuildFile; fileRef = 34C95A932CFF6560002419FB /* 2015Day4.swift */; };
		34C95A962CFF69F2002419FB /* Day4Input.Test1.txt in Resources.2015 */ = {isa = PBXBuildFile; fileRef = 34C95A952CFF69F2002419FB /* Day4Input.Test1.txt */; };
		34C95A982CFF6A01002419FB /* Day4Input.Test2.txt in Resources.2015 */ = {isa = PBXBuildFile; fileRef = 34C95A972CFF6A01002419FB /* Day4Input.Test2.txt */; };
		34C95A9A2CFF6A36002419FB /* Day4Input.txt in Resources.2015 */ = {isa = PBXBuildFile; fileRef = 34C95A992CFF6A36002419FB /* Day4Input.txt */; };
/* End PBXBuildFile section */

/* Begin PBXCopyFilesBuildPhase section */
		1271D49A2B38D216006133F9 /* Resources.2024 */ = {
			isa = PBXCopyFilesBuildPhase;
			buildActionMask = 12;
			dstPath = Resources/2024;
			dstSubfolderSpec = 7;
			files = (
				127D21A52D019CE6009D0C6E /* Day5Input.txt in Resources.2024 */,
				129CBE2B2D15470A00DE5F82 /* Day20Input.Test1.txt in Resources.2024 */,
				12D6EED52D101CE300B7F485 /* Day16Input.Test1.txt in Resources.2024 */,
				12E196082D0EE321001D9DC2 /* Day15Input.txt in Resources.2024 */,
				12967F492D0C274B004AB58D /* Day13Input.Test1.txt in Resources.2024 */,
				127904072D16D93000245B9B /* Day21Input.Test1.txt in Resources.2024 */,
				12C0ECCD2D18191D0062621F /* Day22Input.txt in Resources.2024 */,
				34B3BFBF2CFC74EB00F36067 /* Day1Input.Test1.txt in Resources.2024 */,
				12AEC57D2D0B017C0009AD13 /* Day12Input.Test2.txt in Resources.2024 */,
				34556D912D06B48900423D6F /* Day9Input.Test1.txt in Resources.2024 */,
				1203FA062D1979E000664EF4 /* Day23Input.Test1.txt in Resources.2024 */,
				1279040B2D17095700245B9B /* Day21Input.txt in Resources.2024 */,
				34B3BE9F2CFC5B0F00F36067 /* Day1Input.txt in Resources.2024 */,
				34556D8B2D0593D000423D6F /* Day8Input.txt in Resources.2024 */,
				34C95A572CFEC5C8002419FB /* Day3Input.Test1.txt in Resources.2024 */,
				1284F84B2D0DC34200B5E106 /* Day14Input.txt in Resources.2024 */,
				12A17D112D12B8C10060F2E0 /* Day18Input.Test1.txt in Resources.2024 */,
				34AFBB1D2D0422D20088ED8F /* Day7Input.Test1.txt in Resources.2024 */,
				12F427FC2D1AF5A40013FBAC /* Day24Input.txt in Resources.2024 */,
				1238C8262CFD9F9400F6AC66 /* Day2Input.txt in Resources.2024 */,
				1238C8242CFD9B7300F6AC66 /* Day2Input.Test1.txt in Resources.2024 */,
				34556D8D2D059D7000423D6F /* Day8Input.Test2.txt in Resources.2024 */,
				12C4B2B52D11B1BF0096ED00 /* Day17Input.Test1.txt in Resources.2024 */,
				1203FA0A2D197F4E00664EF4 /* Day23Input.txt in Resources.2024 */,
				34AFBAAA2D001BF80088ED8F /* Day4Input.Test1.txt in Resources.2024 */,
				12111E4E2D1BF3A100E836E5 /* Day25Input.txt in Resources.2024 */,
				12967F4D2D0C30B1004AB58D /* Day13Input.txt in Resources.2024 */,
				12C4B2C62D11FAF00096ED00 /* Day17Input.Test2.txt in Resources.2024 */,
				12111E4C2D1BF37800E836E5 /* Day25Input.Test1.txt in Resources.2024 */,
				12E7E8F32D02E64C0061F34D /* Day6Input.Test1.txt in Resources.2024 */,
				34556DE72D0D7C4A00423D6F /* Day14Input.Test1.txt in Resources.2024 */,
				12C0B8CD2D09867B009D5F34 /* Day11Input.Test1.txt in Resources.2024 */,
				12C0B8CF2D09882F009D5F34 /* Day11Input.Test2.txt in Resources.2024 */,
				34556D872D05927900423D6F /* Day8Input.Test1.txt in Resources.2024 */,
				12AEC5792D0AFBB20009AD13 /* Day12Input.Test1.txt in Resources.2024 */,
				12E7E8F72D02EAAD0061F34D /* Day6Input.txt in Resources.2024 */,
				12C0ECCF2D181B4A0062621F /* Day22Input.Test2.txt in Resources.2024 */,
				129CBE2F2D15505000DE5F82 /* Day20Input.txt in Resources.2024 */,
				34AFBAAC2D0049610088ED8F /* Day4Input.txt in Resources.2024 */,
				34C95A5B2CFECE3E002419FB /* Day3Input.Test2.txt in Resources.2024 */,
				12C4B2B92D11BDF70096ED00 /* Day17Input.txt in Resources.2024 */,
				12F428002D1AF5C50013FBAC /* Day24Input.Test2.txt in Resources.2024 */,
				12E196042D0EE2FD001D9DC2 /* Day15Input.Test1.txt in Resources.2024 */,
				12F427FE2D1AF5A70013FBAC /* Day24Input.Test1.txt in Resources.2024 */,
				34AFBB212D0429320088ED8F /* Day7Input.txt in Resources.2024 */,
				127D21A12D0190E6009D0C6E /* Day5Input.Test1.txt in Resources.2024 */,
				123393BF2D08739F00DD956D /* Day10Input.txt in Resources.2024 */,
				12D6EED72D101D0300B7F485 /* Day16Input.Test2.txt in Resources.2024 */,
				12D6EEDB2D10326300B7F485 /* Day16Input.txt in Resources.2024 */,
				12F5755F2D14116100DEACE3 /* Day19Input.Test1.txt in Resources.2024 */,
				34C95A562CFEC5C8002419FB /* Day3Input.txt in Resources.2024 */,
				12C0ECCB2D1817BB0062621F /* Day22Input.Test1.txt in Resources.2024 */,
				12A17D152D12C10E0060F2E0 /* Day18Input.txt in Resources.2024 */,
				123393BD2D08701500DD956D /* Day10Input.Test1.txt in Resources.2024 */,
				12C0B8D12D0988A3009D5F34 /* Day11Input.txt in Resources.2024 */,
				12F575612D1413BC00DEACE3 /* Day19Input.txt in Resources.2024 */,
				34556D932D06B4BF00423D6F /* Day9Input.txt in Resources.2024 */,
				12AEC57F2D0B08180009AD13 /* Day12Input.txt in Resources.2024 */,
				12E196062D0EE311001D9DC2 /* Day15Input.Test2.txt in Resources.2024 */,
			);
			name = Resources.2024;
			runOnlyForDeploymentPostprocessing = 0;
		};
		129822D52B38D47300EA63D9 /* Embed Frameworks */ = {
			isa = PBXCopyFilesBuildPhase;
			buildActionMask = 2147483647;
			dstPath = "";
			dstSubfolderSpec = 10;
			files = (
			);
			name = "Embed Frameworks";
			runOnlyForDeploymentPostprocessing = 0;
		};
		34B3BF2A2CFC698C00F36067 /* Resources.2023 */ = {
			isa = PBXCopyFilesBuildPhase;
			buildActionMask = 2147483647;
			dstPath = Resources/2023;
			dstSubfolderSpec = 7;
			files = (
				34B3BF942CFC715000F36067 /* Day19Input.txt in Resources.2023 */,
				34B3BF952CFC715000F36067 /* Day11Input.txt in Resources.2023 */,
				34B3BF962CFC715000F36067 /* Day24Input.txt in Resources.2023 */,
				34B3BF972CFC715000F36067 /* Day7Input.txt in Resources.2023 */,
				34B3BF982CFC715000F36067 /* Day12Input.txt in Resources.2023 */,
				34B3BF992CFC715000F36067 /* Day2Input.txt in Resources.2023 */,
				34B3BF9A2CFC715000F36067 /* Day25Input.txt in Resources.2023 */,
				34B3BF9B2CFC715000F36067 /* Day5Input.txt in Resources.2023 */,
				34B3BF9C2CFC715000F36067 /* Day16Input.txt in Resources.2023 */,
				34B3BF9D2CFC715000F36067 /* Day6Input.txt in Resources.2023 */,
				34B3BF9E2CFC715000F36067 /* Day17Input.txt in Resources.2023 */,
				34B3BF9F2CFC715000F36067 /* Day21Input.txt in Resources.2023 */,
				34B3BFA02CFC715000F36067 /* Day1Input.txt in Resources.2023 */,
				34B3BFA12CFC715000F36067 /* Day22Input.txt in Resources.2023 */,
				34B3BFA22CFC715000F36067 /* Day9Input.txt in Resources.2023 */,
				34B3BFA32CFC715000F36067 /* Day10Input.txt in Resources.2023 */,
				34B3BFA42CFC715000F36067 /* Day4Input.txt in Resources.2023 */,
				34B3BFA52CFC715000F36067 /* Day23Input.txt in Resources.2023 */,
				34B3BFA62CFC715000F36067 /* Day13Input.txt in Resources.2023 */,
				34B3BFA72CFC715000F36067 /* Day14Input.txt in Resources.2023 */,
				34B3BFA82CFC715000F36067 /* Day8Input.txt in Resources.2023 */,
				34B3BFA92CFC715000F36067 /* Day15Input.txt in Resources.2023 */,
				34B3BFAA2CFC715000F36067 /* Day3Input.txt in Resources.2023 */,
				34B3BFAB2CFC715000F36067 /* Day18Input.txt in Resources.2023 */,
				34B3BFAC2CFC715000F36067 /* Day20Input.txt in Resources.2023 */,
			);
			name = Resources.2023;
			runOnlyForDeploymentPostprocessing = 0;
		};
		34B3BFBA2CFC719600F36067 /* Resources.2015 */ = {
			isa = PBXCopyFilesBuildPhase;
			buildActionMask = 2147483647;
			dstPath = Resources/2015;
			dstSubfolderSpec = 7;
			files = (
				34556D812D04D91800423D6F /* Day5Input.Test1.txt in Resources.2015 */,
				34C95A962CFF69F2002419FB /* Day4Input.Test1.txt in Resources.2015 */,
				34B3BFBB2CFC71AD00F36067 /* Day1Input.txt in Resources.2015 */,
				34C95A9A2CFF6A36002419FB /* Day4Input.txt in Resources.2015 */,
				34580A332D1EAB18002616C6 /* Day6Input.txt in Resources.2015 */,
				34556D852D04EB0700423D6F /* Day5Input.Test2.txt in Resources.2015 */,
				34C95A982CFF6A01002419FB /* Day4Input.Test2.txt in Resources.2015 */,
				34B3BFBC2CFC71AD00F36067 /* Day2Input.txt in Resources.2015 */,
				34B3BFBD2CFC71AD00F36067 /* Day3Input.txt in Resources.2015 */,
				34556D832D04DE7E00423D6F /* Day5Input.txt in Resources.2015 */,
			);
			name = Resources.2015;
			runOnlyForDeploymentPostprocessing = 0;
		};
/* End PBXCopyFilesBuildPhase section */

/* Begin PBXFileReference section */
		1203FA052D1979E000664EF4 /* Day23Input.Test1.txt */ = {isa = PBXFileReference; lastKnownFileType = text; path = Day23Input.Test1.txt; sourceTree = "<group>"; };
		1203FA072D197A1F00664EF4 /* 2024Day23.swift */ = {isa = PBXFileReference; lastKnownFileType = sourcecode.swift; path = 2024Day23.swift; sourceTree = "<group>"; };
		1203FA092D197F4E00664EF4 /* Day23Input.txt */ = {isa = PBXFileReference; lastKnownFileType = text; path = Day23Input.txt; sourceTree = "<group>"; };
		12111E4B2D1BF37800E836E5 /* Day25Input.Test1.txt */ = {isa = PBXFileReference; lastKnownFileType = text; path = Day25Input.Test1.txt; sourceTree = "<group>"; };
		12111E4D2D1BF3A100E836E5 /* Day25Input.txt */ = {isa = PBXFileReference; lastKnownFileType = text; path = Day25Input.txt; sourceTree = "<group>"; };
		12111E512D1BF41800E836E5 /* 2024Day25.swift */ = {isa = PBXFileReference; lastKnownFileType = sourcecode.swift; path = 2024Day25.swift; sourceTree = "<group>"; };
		123393BA2D086FBF00DD956D /* 2024Day10.swift */ = {isa = PBXFileReference; lastKnownFileType = sourcecode.swift; path = 2024Day10.swift; sourceTree = "<group>"; };
		123393BC2D08701500DD956D /* Day10Input.Test1.txt */ = {isa = PBXFileReference; lastKnownFileType = text; path = Day10Input.Test1.txt; sourceTree = "<group>"; };
		123393BE2D08739F00DD956D /* Day10Input.txt */ = {isa = PBXFileReference; lastKnownFileType = text; path = Day10Input.txt; sourceTree = "<group>"; };
		1238C8212CFD9B4900F6AC66 /* 2024Day2.swift */ = {isa = PBXFileReference; lastKnownFileType = sourcecode.swift; path = 2024Day2.swift; sourceTree = "<group>"; };
		1238C8232CFD9B7300F6AC66 /* Day2Input.Test1.txt */ = {isa = PBXFileReference; lastKnownFileType = text; path = Day2Input.Test1.txt; sourceTree = "<group>"; };
		1238C8252CFD9F9400F6AC66 /* Day2Input.txt */ = {isa = PBXFileReference; lastKnownFileType = text; path = Day2Input.txt; sourceTree = "<group>"; };
		1271D49C2B38D216006133F9 /* Advent of Code */ = {isa = PBXFileReference; explicitFileType = "compiled.mach-o.executable"; includeInIndex = 0; path = "Advent of Code"; sourceTree = BUILT_PRODUCTS_DIR; };
		1271D49F2B38D216006133F9 /* main.swift */ = {isa = PBXFileReference; lastKnownFileType = sourcecode.swift; path = main.swift; sourceTree = "<group>"; };
		127904062D16D93000245B9B /* Day21Input.Test1.txt */ = {isa = PBXFileReference; lastKnownFileType = text; path = Day21Input.Test1.txt; sourceTree = "<group>"; };
		127904082D16D94200245B9B /* 2024Day21.swift */ = {isa = PBXFileReference; lastKnownFileType = sourcecode.swift; path = 2024Day21.swift; sourceTree = "<group>"; };
		1279040A2D17095700245B9B /* Day21Input.txt */ = {isa = PBXFileReference; lastKnownFileType = text; path = Day21Input.txt; sourceTree = "<group>"; };
		127D21A02D0190E6009D0C6E /* Day5Input.Test1.txt */ = {isa = PBXFileReference; lastKnownFileType = text; path = Day5Input.Test1.txt; sourceTree = "<group>"; };
		127D21A22D019101009D0C6E /* 2024Day5.swift */ = {isa = PBXFileReference; lastKnownFileType = sourcecode.swift; path = 2024Day5.swift; sourceTree = "<group>"; };
		127D21A42D019CE6009D0C6E /* Day5Input.txt */ = {isa = PBXFileReference; lastKnownFileType = text; path = Day5Input.txt; sourceTree = "<group>"; };
		1284F84A2D0DC34200B5E106 /* Day14Input.txt */ = {isa = PBXFileReference; lastKnownFileType = text; path = Day14Input.txt; sourceTree = "<group>"; };
		12967F482D0C274B004AB58D /* Day13Input.Test1.txt */ = {isa = PBXFileReference; lastKnownFileType = text; path = Day13Input.Test1.txt; sourceTree = "<group>"; };
		12967F4A2D0C275B004AB58D /* 2024Day13.swift */ = {isa = PBXFileReference; lastKnownFileType = sourcecode.swift; path = 2024Day13.swift; sourceTree = "<group>"; };
		12967F4C2D0C30B1004AB58D /* Day13Input.txt */ = {isa = PBXFileReference; lastKnownFileType = text; path = Day13Input.txt; sourceTree = "<group>"; };
		129CBE2A2D15470A00DE5F82 /* Day20Input.Test1.txt */ = {isa = PBXFileReference; lastKnownFileType = text; path = Day20Input.Test1.txt; sourceTree = "<group>"; };
		129CBE2C2D15471800DE5F82 /* 2024Day20.swift */ = {isa = PBXFileReference; lastKnownFileType = sourcecode.swift; path = 2024Day20.swift; sourceTree = "<group>"; };
		129CBE2E2D15505000DE5F82 /* Day20Input.txt */ = {isa = PBXFileReference; lastKnownFileType = text; path = Day20Input.txt; sourceTree = "<group>"; };
		12A17D102D12B8C10060F2E0 /* Day18Input.Test1.txt */ = {isa = PBXFileReference; lastKnownFileType = text; path = Day18Input.Test1.txt; sourceTree = "<group>"; };
		12A17D122D12B93F0060F2E0 /* 2024Day18.swift */ = {isa = PBXFileReference; lastKnownFileType = sourcecode.swift; path = 2024Day18.swift; sourceTree = "<group>"; };
		12A17D142D12C10E0060F2E0 /* Day18Input.txt */ = {isa = PBXFileReference; lastKnownFileType = text; path = Day18Input.txt; sourceTree = "<group>"; };
		12AEC5782D0AFBB20009AD13 /* Day12Input.Test1.txt */ = {isa = PBXFileReference; lastKnownFileType = text; path = Day12Input.Test1.txt; sourceTree = "<group>"; };
		12AEC57A2D0AFBC30009AD13 /* 2024Day12.swift */ = {isa = PBXFileReference; lastKnownFileType = sourcecode.swift; path = 2024Day12.swift; sourceTree = "<group>"; };
		12AEC57C2D0B017C0009AD13 /* Day12Input.Test2.txt */ = {isa = PBXFileReference; lastKnownFileType = text; path = Day12Input.Test2.txt; sourceTree = "<group>"; };
		12AEC57E2D0B08180009AD13 /* Day12Input.txt */ = {isa = PBXFileReference; lastKnownFileType = text; path = Day12Input.txt; sourceTree = "<group>"; };
		12C0B8CA2D098645009D5F34 /* 2024Day11.swift */ = {isa = PBXFileReference; lastKnownFileType = sourcecode.swift; path = 2024Day11.swift; sourceTree = "<group>"; };
		12C0B8CC2D09867B009D5F34 /* Day11Input.Test1.txt */ = {isa = PBXFileReference; lastKnownFileType = text; path = Day11Input.Test1.txt; sourceTree = "<group>"; };
		12C0B8CE2D09882F009D5F34 /* Day11Input.Test2.txt */ = {isa = PBXFileReference; lastKnownFileType = text; path = Day11Input.Test2.txt; sourceTree = "<group>"; };
		12C0B8D02D0988A3009D5F34 /* Day11Input.txt */ = {isa = PBXFileReference; lastKnownFileType = text; path = Day11Input.txt; sourceTree = "<group>"; };
		12C0ECC82D1814680062621F /* 2024Day22.swift */ = {isa = PBXFileReference; lastKnownFileType = sourcecode.swift; path = 2024Day22.swift; sourceTree = "<group>"; };
		12C0ECCA2D1817BB0062621F /* Day22Input.Test1.txt */ = {isa = PBXFileReference; lastKnownFileType = text; path = Day22Input.Test1.txt; sourceTree = "<group>"; };
		12C0ECCC2D18191D0062621F /* Day22Input.txt */ = {isa = PBXFileReference; lastKnownFileType = text; path = Day22Input.txt; sourceTree = "<group>"; };
		12C0ECCE2D181B4A0062621F /* Day22Input.Test2.txt */ = {isa = PBXFileReference; lastKnownFileType = text; path = Day22Input.Test2.txt; sourceTree = "<group>"; };
		12C0ECD32D18558A0062621F /* Collection+Parallel.swift */ = {isa = PBXFileReference; lastKnownFileType = sourcecode.swift; path = "Collection+Parallel.swift"; sourceTree = "<group>"; };
		12C4B2B42D11B1BF0096ED00 /* Day17Input.Test1.txt */ = {isa = PBXFileReference; lastKnownFileType = text; path = Day17Input.Test1.txt; sourceTree = "<group>"; };
		12C4B2B62D11B1E80096ED00 /* 2024Day17.swift */ = {isa = PBXFileReference; lastKnownFileType = sourcecode.swift; path = 2024Day17.swift; sourceTree = "<group>"; };
		12C4B2B82D11BDF70096ED00 /* Day17Input.txt */ = {isa = PBXFileReference; lastKnownFileType = text; path = Day17Input.txt; sourceTree = "<group>"; };
		12C4B2C52D11FAF00096ED00 /* Day17Input.Test2.txt */ = {isa = PBXFileReference; lastKnownFileType = text; path = Day17Input.Test2.txt; sourceTree = "<group>"; };
		12D6EED42D101CE300B7F485 /* Day16Input.Test1.txt */ = {isa = PBXFileReference; lastKnownFileType = text; path = Day16Input.Test1.txt; sourceTree = "<group>"; };
		12D6EED62D101D0300B7F485 /* Day16Input.Test2.txt */ = {isa = PBXFileReference; lastKnownFileType = text; path = Day16Input.Test2.txt; sourceTree = "<group>"; };
		12D6EED82D101D1F00B7F485 /* 2024Day16.swift */ = {isa = PBXFileReference; lastKnownFileType = sourcecode.swift; path = 2024Day16.swift; sourceTree = "<group>"; };
		12D6EEDA2D10326300B7F485 /* Day16Input.txt */ = {isa = PBXFileReference; lastKnownFileType = text; path = Day16Input.txt; sourceTree = "<group>"; };
		12E196032D0EE2FD001D9DC2 /* Day15Input.Test1.txt */ = {isa = PBXFileReference; lastKnownFileType = text; path = Day15Input.Test1.txt; sourceTree = "<group>"; };
		12E196052D0EE311001D9DC2 /* Day15Input.Test2.txt */ = {isa = PBXFileReference; lastKnownFileType = text; path = Day15Input.Test2.txt; sourceTree = "<group>"; };
		12E196072D0EE321001D9DC2 /* Day15Input.txt */ = {isa = PBXFileReference; lastKnownFileType = text; path = Day15Input.txt; sourceTree = "<group>"; };
		12E196092D0EE336001D9DC2 /* 2024Day15.swift */ = {isa = PBXFileReference; lastKnownFileType = sourcecode.swift; path = 2024Day15.swift; sourceTree = "<group>"; };
		12E7E8F22D02E64C0061F34D /* Day6Input.Test1.txt */ = {isa = PBXFileReference; lastKnownFileType = text; path = Day6Input.Test1.txt; sourceTree = "<group>"; };
		12E7E8F42D02E65F0061F34D /* 2024Day6.swift */ = {isa = PBXFileReference; lastKnownFileType = sourcecode.swift; path = 2024Day6.swift; sourceTree = "<group>"; };
		12E7E8F62D02EAAD0061F34D /* Day6Input.txt */ = {isa = PBXFileReference; lastKnownFileType = text; path = Day6Input.txt; sourceTree = "<group>"; };
		12F427FB2D1AF5A40013FBAC /* Day24Input.txt */ = {isa = PBXFileReference; lastKnownFileType = text; path = Day24Input.txt; sourceTree = "<group>"; };
		12F427FD2D1AF5A70013FBAC /* Day24Input.Test1.txt */ = {isa = PBXFileReference; lastKnownFileType = text; path = Day24Input.Test1.txt; sourceTree = "<group>"; };
		12F427FF2D1AF5C50013FBAC /* Day24Input.Test2.txt */ = {isa = PBXFileReference; lastKnownFileType = text; path = Day24Input.Test2.txt; sourceTree = "<group>"; };
		12F428012D1AF5FD0013FBAC /* 2024Day24.swift */ = {isa = PBXFileReference; lastKnownFileType = sourcecode.swift; path = 2024Day24.swift; sourceTree = "<group>"; };
		12F5755C2D14112900DEACE3 /* 2024Day19.swift */ = {isa = PBXFileReference; lastKnownFileType = sourcecode.swift; path = 2024Day19.swift; sourceTree = "<group>"; };
		12F5755E2D14116100DEACE3 /* Day19Input.Test1.txt */ = {isa = PBXFileReference; lastKnownFileType = text; path = Day19Input.Test1.txt; sourceTree = "<group>"; };
		12F575602D1413BC00DEACE3 /* Day19Input.txt */ = {isa = PBXFileReference; lastKnownFileType = text; path = Day19Input.txt; sourceTree = "<group>"; };
		34556D7E2D04D90E00423D6F /* 2015Day5.swift */ = {isa = PBXFileReference; lastKnownFileType = sourcecode.swift; path = 2015Day5.swift; sourceTree = "<group>"; };
		34556D802D04D91800423D6F /* Day5Input.Test1.txt */ = {isa = PBXFileReference; lastKnownFileType = text; path = Day5Input.Test1.txt; sourceTree = "<group>"; };
		34556D822D04DE7E00423D6F /* Day5Input.txt */ = {isa = PBXFileReference; lastKnownFileType = text; path = Day5Input.txt; sourceTree = "<group>"; };
		34556D842D04EB0700423D6F /* Day5Input.Test2.txt */ = {isa = PBXFileReference; lastKnownFileType = text; path = Day5Input.Test2.txt; sourceTree = "<group>"; };
		34556D862D05927900423D6F /* Day8Input.Test1.txt */ = {isa = PBXFileReference; lastKnownFileType = text; path = Day8Input.Test1.txt; sourceTree = "<group>"; };
		34556D882D05929200423D6F /* 2024Day8.swift */ = {isa = PBXFileReference; lastKnownFileType = sourcecode.swift; path = 2024Day8.swift; sourceTree = "<group>"; };
		34556D8A2D0593D000423D6F /* Day8Input.txt */ = {isa = PBXFileReference; lastKnownFileType = text; path = Day8Input.txt; sourceTree = "<group>"; };
		34556D8C2D059D7000423D6F /* Day8Input.Test2.txt */ = {isa = PBXFileReference; lastKnownFileType = text; path = Day8Input.Test2.txt; sourceTree = "<group>"; };
		34556D8E2D06B47F00423D6F /* 2024Day9.swift */ = {isa = PBXFileReference; lastKnownFileType = sourcecode.swift; path = 2024Day9.swift; sourceTree = "<group>"; };
		34556D902D06B48900423D6F /* Day9Input.Test1.txt */ = {isa = PBXFileReference; lastKnownFileType = text; path = Day9Input.Test1.txt; sourceTree = "<group>"; };
		34556D922D06B4BF00423D6F /* Day9Input.txt */ = {isa = PBXFileReference; lastKnownFileType = text; path = Day9Input.txt; sourceTree = "<group>"; };
		34556DE62D0D7C4A00423D6F /* Day14Input.Test1.txt */ = {isa = PBXFileReference; lastKnownFileType = text; path = Day14Input.Test1.txt; sourceTree = "<group>"; };
		34556DE82D0D7CD400423D6F /* 2024Day14.swift */ = {isa = PBXFileReference; lastKnownFileType = sourcecode.swift; path = 2024Day14.swift; sourceTree = "<group>"; };
		34580A302D1EAA1A002616C6 /* 2015Day6.swift */ = {isa = PBXFileReference; lastKnownFileType = sourcecode.swift; path = 2015Day6.swift; sourceTree = "<group>"; };
		34580A322D1EAB18002616C6 /* Day6Input.txt */ = {isa = PBXFileReference; lastKnownFileType = text; path = Day6Input.txt; sourceTree = "<group>"; };
		34AFBAA72D001BC40088ED8F /* 2024Day4.swift */ = {isa = PBXFileReference; lastKnownFileType = sourcecode.swift; path = 2024Day4.swift; sourceTree = "<group>"; };
		34AFBAA92D001BF80088ED8F /* Day4Input.Test1.txt */ = {isa = PBXFileReference; lastKnownFileType = text; path = Day4Input.Test1.txt; sourceTree = "<group>"; };
		34AFBAAB2D0049610088ED8F /* Day4Input.txt */ = {isa = PBXFileReference; lastKnownFileType = text; path = Day4Input.txt; sourceTree = "<group>"; };
		34AFBB1C2D0422D20088ED8F /* Day7Input.Test1.txt */ = {isa = PBXFileReference; lastKnownFileType = text; path = Day7Input.Test1.txt; sourceTree = "<group>"; };
		34AFBB1E2D0422F10088ED8F /* 2024Day7.swift */ = {isa = PBXFileReference; lastKnownFileType = sourcecode.swift; path = 2024Day7.swift; sourceTree = "<group>"; };
		34AFBB202D0429320088ED8F /* Day7Input.txt */ = {isa = PBXFileReference; lastKnownFileType = text; path = Day7Input.txt; sourceTree = "<group>"; };
		34B3BE832CFC576500F36067 /* Beam2D.swift */ = {isa = PBXFileReference; lastKnownFileType = sourcecode.swift; path = Beam2D.swift; sourceTree = "<group>"; };
		34B3BE842CFC576500F36067 /* Collection.swift */ = {isa = PBXFileReference; lastKnownFileType = sourcecode.swift; path = Collection.swift; sourceTree = "<group>"; };
		34B3BE852CFC576500F36067 /* Direction2D.swift */ = {isa = PBXFileReference; lastKnownFileType = sourcecode.swift; path = Direction2D.swift; sourceTree = "<group>"; };
		34B3BE882CFC576500F36067 /* Math.swift */ = {isa = PBXFileReference; lastKnownFileType = sourcecode.swift; path = Math.swift; sourceTree = "<group>"; };
		34B3BE892CFC576500F36067 /* Point2D.swift */ = {isa = PBXFileReference; lastKnownFileType = sourcecode.swift; path = Point2D.swift; sourceTree = "<group>"; };
		34B3BE8A2CFC576500F36067 /* Sequence.swift */ = {isa = PBXFileReference; lastKnownFileType = sourcecode.swift; path = Sequence.swift; sourceTree = "<group>"; };
		34B3BE8B2CFC576500F36067 /* String.swift */ = {isa = PBXFileReference; lastKnownFileType = sourcecode.swift; path = String.swift; sourceTree = "<group>"; };
		34B3BE9E2CFC5ABA00F36067 /* Day1Input.txt */ = {isa = PBXFileReference; lastKnownFileType = text; path = Day1Input.txt; sourceTree = "<group>"; };
		34B3BEA02CFC5BA500F36067 /* 2024.swift */ = {isa = PBXFileReference; lastKnownFileType = sourcecode.swift; path = 2024.swift; sourceTree = "<group>"; };
		34B3BEA12CFC5BA500F36067 /* 2024Day1.swift */ = {isa = PBXFileReference; lastKnownFileType = sourcecode.swift; path = 2024Day1.swift; sourceTree = "<group>"; };
		34B3BF452CFC715000F36067 /* Day1Input.txt */ = {isa = PBXFileReference; lastKnownFileType = text; path = Day1Input.txt; sourceTree = "<group>"; };
		34B3BF462CFC715000F36067 /* Day2Input.txt */ = {isa = PBXFileReference; lastKnownFileType = text; path = Day2Input.txt; sourceTree = "<group>"; };
		34B3BF472CFC715000F36067 /* Day3Input.txt */ = {isa = PBXFileReference; lastKnownFileType = text; path = Day3Input.txt; sourceTree = "<group>"; };
		34B3BF482CFC715000F36067 /* Day4Input.txt */ = {isa = PBXFileReference; lastKnownFileType = text; path = Day4Input.txt; sourceTree = "<group>"; };
		34B3BF492CFC715000F36067 /* Day5Input.txt */ = {isa = PBXFileReference; lastKnownFileType = text; path = Day5Input.txt; sourceTree = "<group>"; };
		34B3BF4A2CFC715000F36067 /* Day6Input.txt */ = {isa = PBXFileReference; lastKnownFileType = text; path = Day6Input.txt; sourceTree = "<group>"; };
		34B3BF4B2CFC715000F36067 /* Day7Input.txt */ = {isa = PBXFileReference; lastKnownFileType = text; path = Day7Input.txt; sourceTree = "<group>"; };
		34B3BF4C2CFC715000F36067 /* Day8Input.txt */ = {isa = PBXFileReference; lastKnownFileType = text; path = Day8Input.txt; sourceTree = "<group>"; };
		34B3BF4D2CFC715000F36067 /* Day9Input.txt */ = {isa = PBXFileReference; lastKnownFileType = text; path = Day9Input.txt; sourceTree = "<group>"; };
		34B3BF4E2CFC715000F36067 /* Day10Input.txt */ = {isa = PBXFileReference; lastKnownFileType = text; path = Day10Input.txt; sourceTree = "<group>"; };
		34B3BF4F2CFC715000F36067 /* Day11Input.txt */ = {isa = PBXFileReference; lastKnownFileType = text; path = Day11Input.txt; sourceTree = "<group>"; };
		34B3BF502CFC715000F36067 /* Day12Input.txt */ = {isa = PBXFileReference; lastKnownFileType = text; path = Day12Input.txt; sourceTree = "<group>"; };
		34B3BF512CFC715000F36067 /* Day13Input.txt */ = {isa = PBXFileReference; lastKnownFileType = text; path = Day13Input.txt; sourceTree = "<group>"; };
		34B3BF522CFC715000F36067 /* Day14Input.txt */ = {isa = PBXFileReference; lastKnownFileType = text; path = Day14Input.txt; sourceTree = "<group>"; };
		34B3BF532CFC715000F36067 /* Day15Input.txt */ = {isa = PBXFileReference; lastKnownFileType = text; path = Day15Input.txt; sourceTree = "<group>"; };
		34B3BF542CFC715000F36067 /* Day16Input.txt */ = {isa = PBXFileReference; lastKnownFileType = text; path = Day16Input.txt; sourceTree = "<group>"; };
		34B3BF552CFC715000F36067 /* Day17Input.txt */ = {isa = PBXFileReference; lastKnownFileType = text; path = Day17Input.txt; sourceTree = "<group>"; };
		34B3BF562CFC715000F36067 /* Day18Input.txt */ = {isa = PBXFileReference; lastKnownFileType = text; path = Day18Input.txt; sourceTree = "<group>"; };
		34B3BF572CFC715000F36067 /* Day19Input.txt */ = {isa = PBXFileReference; lastKnownFileType = text; path = Day19Input.txt; sourceTree = "<group>"; };
		34B3BF582CFC715000F36067 /* Day20Input.txt */ = {isa = PBXFileReference; lastKnownFileType = text; path = Day20Input.txt; sourceTree = "<group>"; };
		34B3BF592CFC715000F36067 /* Day21Input.txt */ = {isa = PBXFileReference; lastKnownFileType = text; path = Day21Input.txt; sourceTree = "<group>"; };
		34B3BF5A2CFC715000F36067 /* Day22Input.txt */ = {isa = PBXFileReference; lastKnownFileType = text; path = Day22Input.txt; sourceTree = "<group>"; };
		34B3BF5B2CFC715000F36067 /* Day23Input.txt */ = {isa = PBXFileReference; lastKnownFileType = text; path = Day23Input.txt; sourceTree = "<group>"; };
		34B3BF5C2CFC715000F36067 /* Day24Input.txt */ = {isa = PBXFileReference; lastKnownFileType = text; path = Day24Input.txt; sourceTree = "<group>"; };
		34B3BF5D2CFC715000F36067 /* Day25Input.txt */ = {isa = PBXFileReference; lastKnownFileType = text; path = Day25Input.txt; sourceTree = "<group>"; };
		34B3BF5F2CFC715000F36067 /* 2023.swift */ = {isa = PBXFileReference; lastKnownFileType = sourcecode.swift; path = 2023.swift; sourceTree = "<group>"; };
		34B3BF602CFC715000F36067 /* 2023Day1.swift */ = {isa = PBXFileReference; lastKnownFileType = sourcecode.swift; path = 2023Day1.swift; sourceTree = "<group>"; };
		34B3BF612CFC715000F36067 /* 2023Day2.swift */ = {isa = PBXFileReference; lastKnownFileType = sourcecode.swift; path = 2023Day2.swift; sourceTree = "<group>"; };
		34B3BF622CFC715000F36067 /* 2023Day3.swift */ = {isa = PBXFileReference; lastKnownFileType = sourcecode.swift; path = 2023Day3.swift; sourceTree = "<group>"; };
		34B3BF632CFC715000F36067 /* 2023Day4.swift */ = {isa = PBXFileReference; lastKnownFileType = sourcecode.swift; path = 2023Day4.swift; sourceTree = "<group>"; };
		34B3BF642CFC715000F36067 /* 2023Day5.swift */ = {isa = PBXFileReference; lastKnownFileType = sourcecode.swift; path = 2023Day5.swift; sourceTree = "<group>"; };
		34B3BF652CFC715000F36067 /* 2023Day6.swift */ = {isa = PBXFileReference; lastKnownFileType = sourcecode.swift; path = 2023Day6.swift; sourceTree = "<group>"; };
		34B3BF662CFC715000F36067 /* 2023Day7.swift */ = {isa = PBXFileReference; lastKnownFileType = sourcecode.swift; path = 2023Day7.swift; sourceTree = "<group>"; };
		34B3BF672CFC715000F36067 /* 2023Day8.swift */ = {isa = PBXFileReference; lastKnownFileType = sourcecode.swift; path = 2023Day8.swift; sourceTree = "<group>"; };
		34B3BF682CFC715000F36067 /* 2023Day9.swift */ = {isa = PBXFileReference; lastKnownFileType = sourcecode.swift; path = 2023Day9.swift; sourceTree = "<group>"; };
		34B3BF692CFC715000F36067 /* 2023Day10.swift */ = {isa = PBXFileReference; lastKnownFileType = sourcecode.swift; path = 2023Day10.swift; sourceTree = "<group>"; };
		34B3BF6A2CFC715000F36067 /* 2023Day11.swift */ = {isa = PBXFileReference; lastKnownFileType = sourcecode.swift; path = 2023Day11.swift; sourceTree = "<group>"; };
		34B3BF6B2CFC715000F36067 /* 2023Day12.swift */ = {isa = PBXFileReference; lastKnownFileType = sourcecode.swift; path = 2023Day12.swift; sourceTree = "<group>"; };
		34B3BF6C2CFC715000F36067 /* 2023Day13.swift */ = {isa = PBXFileReference; lastKnownFileType = sourcecode.swift; path = 2023Day13.swift; sourceTree = "<group>"; };
		34B3BF6D2CFC715000F36067 /* 2023Day14.swift */ = {isa = PBXFileReference; lastKnownFileType = sourcecode.swift; path = 2023Day14.swift; sourceTree = "<group>"; };
		34B3BF6E2CFC715000F36067 /* 2023Day15.swift */ = {isa = PBXFileReference; lastKnownFileType = sourcecode.swift; path = 2023Day15.swift; sourceTree = "<group>"; };
		34B3BF6F2CFC715000F36067 /* 2023Day16.swift */ = {isa = PBXFileReference; lastKnownFileType = sourcecode.swift; path = 2023Day16.swift; sourceTree = "<group>"; };
		34B3BF702CFC715000F36067 /* 2023Day17.swift */ = {isa = PBXFileReference; lastKnownFileType = sourcecode.swift; path = 2023Day17.swift; sourceTree = "<group>"; };
		34B3BF712CFC715000F36067 /* 2023Day18.swift */ = {isa = PBXFileReference; lastKnownFileType = sourcecode.swift; path = 2023Day18.swift; sourceTree = "<group>"; };
		34B3BF722CFC715000F36067 /* 2023Day19.swift */ = {isa = PBXFileReference; lastKnownFileType = sourcecode.swift; path = 2023Day19.swift; sourceTree = "<group>"; };
		34B3BF732CFC715000F36067 /* 2023Day20.swift */ = {isa = PBXFileReference; lastKnownFileType = sourcecode.swift; path = 2023Day20.swift; sourceTree = "<group>"; };
		34B3BF742CFC715000F36067 /* 2023Day21.swift */ = {isa = PBXFileReference; lastKnownFileType = sourcecode.swift; path = 2023Day21.swift; sourceTree = "<group>"; };
		34B3BF752CFC715000F36067 /* 2023Day22.swift */ = {isa = PBXFileReference; lastKnownFileType = sourcecode.swift; path = 2023Day22.swift; sourceTree = "<group>"; };
		34B3BF762CFC715000F36067 /* 2023Day23.swift */ = {isa = PBXFileReference; lastKnownFileType = sourcecode.swift; path = 2023Day23.swift; sourceTree = "<group>"; };
		34B3BF772CFC715000F36067 /* 2023Day24.swift */ = {isa = PBXFileReference; lastKnownFileType = sourcecode.swift; path = 2023Day24.swift; sourceTree = "<group>"; };
		34B3BF782CFC715000F36067 /* 2023Day25.swift */ = {isa = PBXFileReference; lastKnownFileType = sourcecode.swift; path = 2023Day25.swift; sourceTree = "<group>"; };
		34B3BFAD2CFC716100F36067 /* Day1Input.txt */ = {isa = PBXFileReference; lastKnownFileType = text; path = Day1Input.txt; sourceTree = "<group>"; };
		34B3BFAE2CFC716100F36067 /* Day2Input.txt */ = {isa = PBXFileReference; lastKnownFileType = text; path = Day2Input.txt; sourceTree = "<group>"; };
		34B3BFAF2CFC716100F36067 /* Day3Input.txt */ = {isa = PBXFileReference; lastKnownFileType = text; path = Day3Input.txt; sourceTree = "<group>"; };
		34B3BFB12CFC716100F36067 /* 2015Day1.swift */ = {isa = PBXFileReference; lastKnownFileType = sourcecode.swift; path = 2015Day1.swift; sourceTree = "<group>"; };
		34B3BFB22CFC716100F36067 /* 2015Day2.swift */ = {isa = PBXFileReference; lastKnownFileType = sourcecode.swift; path = 2015Day2.swift; sourceTree = "<group>"; };
		34B3BFB32CFC716100F36067 /* 2015Day3.swift */ = {isa = PBXFileReference; lastKnownFileType = sourcecode.swift; path = 2015Day3.swift; sourceTree = "<group>"; };
		34B3BFB82CFC717100F36067 /* 2015.swift */ = {isa = PBXFileReference; lastKnownFileType = sourcecode.swift; path = 2015.swift; sourceTree = "<group>"; };
		34B3BFBE2CFC74EB00F36067 /* Day1Input.Test1.txt */ = {isa = PBXFileReference; lastKnownFileType = text; path = Day1Input.Test1.txt; sourceTree = "<group>"; };
		34B3BFC22CFC762300F36067 /* AoC.swift */ = {isa = PBXFileReference; lastKnownFileType = sourcecode.swift; path = AoC.swift; sourceTree = "<group>"; };
		34C95A542CFEC5C8002419FB /* Day3Input.txt */ = {isa = PBXFileReference; lastKnownFileType = text; path = Day3Input.txt; sourceTree = "<group>"; };
		34C95A552CFEC5C8002419FB /* Day3Input.Test1.txt */ = {isa = PBXFileReference; lastKnownFileType = text; path = Day3Input.Test1.txt; sourceTree = "<group>"; };
		34C95A582CFEC5F6002419FB /* 2024Day3.swift */ = {isa = PBXFileReference; lastKnownFileType = sourcecode.swift; path = 2024Day3.swift; sourceTree = "<group>"; };
		34C95A5A2CFECE3E002419FB /* Day3Input.Test2.txt */ = {isa = PBXFileReference; lastKnownFileType = text; path = Day3Input.Test2.txt; sourceTree = "<group>"; };
		34C95A932CFF6560002419FB /* 2015Day4.swift */ = {isa = PBXFileReference; lastKnownFileType = sourcecode.swift; path = 2015Day4.swift; sourceTree = "<group>"; };
		34C95A952CFF69F2002419FB /* Day4Input.Test1.txt */ = {isa = PBXFileReference; lastKnownFileType = text; path = Day4Input.Test1.txt; sourceTree = "<group>"; };
		34C95A972CFF6A01002419FB /* Day4Input.Test2.txt */ = {isa = PBXFileReference; lastKnownFileType = text; path = Day4Input.Test2.txt; sourceTree = "<group>"; };
		34C95A992CFF6A36002419FB /* Day4Input.txt */ = {isa = PBXFileReference; lastKnownFileType = text; path = Day4Input.txt; sourceTree = "<group>"; };
/* End PBXFileReference section */

/* Begin PBXFrameworksBuildPhase section */
		1271D4992B38D216006133F9 /* Frameworks */ = {
			isa = PBXFrameworksBuildPhase;
			buildActionMask = 2147483647;
			files = (
				12C0ECD22D1848C90062621F /* Algorithms in Frameworks */,
				12C4B2BC2D11F94C0096ED00 /* BitCollections in Frameworks */,
				12E7E8FC2D0307CA0061F34D /* Atomics in Frameworks */,
				12C4B2BE2D11F94C0096ED00 /* Collections in Frameworks */,
				12C4B2C22D11F94D0096ED00 /* HashTreeCollections in Frameworks */,
				129822D02B38D30900EA63D9 /* SwiftZ3 in Frameworks */,
				125B8F0C2B38D7370072A38C /* SwiftZ3 in Frameworks */,
				12C4B2C42D11F94D0096ED00 /* HeapModule in Frameworks */,
				12C4B2C02D11F94D0096ED00 /* DequeModule in Frameworks */,
			);
			runOnlyForDeploymentPostprocessing = 0;
		};
/* End PBXFrameworksBuildPhase section */

/* Begin PBXGroup section */
		1271D4932B38D216006133F9 = {
			isa = PBXGroup;
			children = (
				34B3BFB42CFC716100F36067 /* 2015 */,
				34B3BF792CFC715000F36067 /* 2023 */,
				34B3BEA22CFC5BA500F36067 /* 2024 */,
				34B3BE8C2CFC576500F36067 /* Sources */,
				1271D49F2B38D216006133F9 /* main.swift */,
				1271D49D2B38D216006133F9 /* Products */,
				129822D12B38D47300EA63D9 /* Frameworks */,
			);
			sourceTree = "<group>";
		};
		1271D49D2B38D216006133F9 /* Products */ = {
			isa = PBXGroup;
			children = (
				1271D49C2B38D216006133F9 /* Advent of Code */,
			);
			name = Products;
			sourceTree = "<group>";
		};
		129822D12B38D47300EA63D9 /* Frameworks */ = {
			isa = PBXGroup;
			children = (
			);
			name = Frameworks;
			sourceTree = "<group>";
		};
		34B3BE8C2CFC576500F36067 /* Sources */ = {
			isa = PBXGroup;
			children = (
				12C0ECD32D18558A0062621F /* Collection+Parallel.swift */,
				34B3BFC22CFC762300F36067 /* AoC.swift */,
				34B3BE832CFC576500F36067 /* Beam2D.swift */,
				34B3BE842CFC576500F36067 /* Collection.swift */,
				34B3BE852CFC576500F36067 /* Direction2D.swift */,
				34B3BE882CFC576500F36067 /* Math.swift */,
				34B3BE892CFC576500F36067 /* Point2D.swift */,
				34B3BE8A2CFC576500F36067 /* Sequence.swift */,
				34B3BE8B2CFC576500F36067 /* String.swift */,
			);
			path = Sources;
			sourceTree = "<group>";
		};
		34B3BE9D2CFC5AB000F36067 /* Resources */ = {
			isa = PBXGroup;
			children = (
				34B3BE9E2CFC5ABA00F36067 /* Day1Input.txt */,
				34B3BFBE2CFC74EB00F36067 /* Day1Input.Test1.txt */,
				1238C8252CFD9F9400F6AC66 /* Day2Input.txt */,
				1238C8232CFD9B7300F6AC66 /* Day2Input.Test1.txt */,
				34C95A542CFEC5C8002419FB /* Day3Input.txt */,
				34C95A552CFEC5C8002419FB /* Day3Input.Test1.txt */,
				34C95A5A2CFECE3E002419FB /* Day3Input.Test2.txt */,
				34AFBAAB2D0049610088ED8F /* Day4Input.txt */,
				34AFBAA92D001BF80088ED8F /* Day4Input.Test1.txt */,
				127D21A42D019CE6009D0C6E /* Day5Input.txt */,
				127D21A02D0190E6009D0C6E /* Day5Input.Test1.txt */,
				12E7E8F62D02EAAD0061F34D /* Day6Input.txt */,
				12E7E8F22D02E64C0061F34D /* Day6Input.Test1.txt */,
				34AFBB202D0429320088ED8F /* Day7Input.txt */,
				34AFBB1C2D0422D20088ED8F /* Day7Input.Test1.txt */,
				34556D8A2D0593D000423D6F /* Day8Input.txt */,
				34556D862D05927900423D6F /* Day8Input.Test1.txt */,
				34556D8C2D059D7000423D6F /* Day8Input.Test2.txt */,
				34556D922D06B4BF00423D6F /* Day9Input.txt */,
				34556D902D06B48900423D6F /* Day9Input.Test1.txt */,
				123393BE2D08739F00DD956D /* Day10Input.txt */,
				123393BC2D08701500DD956D /* Day10Input.Test1.txt */,
				12C0B8D02D0988A3009D5F34 /* Day11Input.txt */,
				12C0B8CC2D09867B009D5F34 /* Day11Input.Test1.txt */,
				12C0B8CE2D09882F009D5F34 /* Day11Input.Test2.txt */,
				12AEC57E2D0B08180009AD13 /* Day12Input.txt */,
				12AEC5782D0AFBB20009AD13 /* Day12Input.Test1.txt */,
				12AEC57C2D0B017C0009AD13 /* Day12Input.Test2.txt */,
				12967F4C2D0C30B1004AB58D /* Day13Input.txt */,
				12967F482D0C274B004AB58D /* Day13Input.Test1.txt */,
				1284F84A2D0DC34200B5E106 /* Day14Input.txt */,
				34556DE62D0D7C4A00423D6F /* Day14Input.Test1.txt */,
				12E196072D0EE321001D9DC2 /* Day15Input.txt */,
				12E196032D0EE2FD001D9DC2 /* Day15Input.Test1.txt */,
				12E196052D0EE311001D9DC2 /* Day15Input.Test2.txt */,
				12D6EEDA2D10326300B7F485 /* Day16Input.txt */,
				12D6EED42D101CE300B7F485 /* Day16Input.Test1.txt */,
				12D6EED62D101D0300B7F485 /* Day16Input.Test2.txt */,
				12C4B2B82D11BDF70096ED00 /* Day17Input.txt */,
				12C4B2B42D11B1BF0096ED00 /* Day17Input.Test1.txt */,
				12C4B2C52D11FAF00096ED00 /* Day17Input.Test2.txt */,
				12A17D142D12C10E0060F2E0 /* Day18Input.txt */,
				12A17D102D12B8C10060F2E0 /* Day18Input.Test1.txt */,
				12F575602D1413BC00DEACE3 /* Day19Input.txt */,
				12F5755E2D14116100DEACE3 /* Day19Input.Test1.txt */,
				129CBE2E2D15505000DE5F82 /* Day20Input.txt */,
				129CBE2A2D15470A00DE5F82 /* Day20Input.Test1.txt */,
				1279040A2D17095700245B9B /* Day21Input.txt */,
				127904062D16D93000245B9B /* Day21Input.Test1.txt */,
				12C0ECCC2D18191D0062621F /* Day22Input.txt */,
				12C0ECCA2D1817BB0062621F /* Day22Input.Test1.txt */,
				12C0ECCE2D181B4A0062621F /* Day22Input.Test2.txt */,
				1203FA092D197F4E00664EF4 /* Day23Input.txt */,
				1203FA052D1979E000664EF4 /* Day23Input.Test1.txt */,
				12F427FB2D1AF5A40013FBAC /* Day24Input.txt */,
				12F427FD2D1AF5A70013FBAC /* Day24Input.Test1.txt */,
				12F427FF2D1AF5C50013FBAC /* Day24Input.Test2.txt */,
				12111E4D2D1BF3A100E836E5 /* Day25Input.txt */,
				12111E4B2D1BF37800E836E5 /* Day25Input.Test1.txt */,
			);
			path = Resources;
			sourceTree = "<group>";
		};
		34B3BEA22CFC5BA500F36067 /* 2024 */ = {
			isa = PBXGroup;
			children = (
				34B3BE9D2CFC5AB000F36067 /* Resources */,
				34B3BEA02CFC5BA500F36067 /* 2024.swift */,
				34B3BEA12CFC5BA500F36067 /* 2024Day1.swift */,
				1238C8212CFD9B4900F6AC66 /* 2024Day2.swift */,
				34C95A582CFEC5F6002419FB /* 2024Day3.swift */,
				34AFBAA72D001BC40088ED8F /* 2024Day4.swift */,
				127D21A22D019101009D0C6E /* 2024Day5.swift */,
				12E7E8F42D02E65F0061F34D /* 2024Day6.swift */,
				34AFBB1E2D0422F10088ED8F /* 2024Day7.swift */,
				34556D882D05929200423D6F /* 2024Day8.swift */,
				34556D8E2D06B47F00423D6F /* 2024Day9.swift */,
				123393BA2D086FBF00DD956D /* 2024Day10.swift */,
				12C0B8CA2D098645009D5F34 /* 2024Day11.swift */,
				12AEC57A2D0AFBC30009AD13 /* 2024Day12.swift */,
				12967F4A2D0C275B004AB58D /* 2024Day13.swift */,
				34556DE82D0D7CD400423D6F /* 2024Day14.swift */,
				12E196092D0EE336001D9DC2 /* 2024Day15.swift */,
				12D6EED82D101D1F00B7F485 /* 2024Day16.swift */,
				12C4B2B62D11B1E80096ED00 /* 2024Day17.swift */,
				12A17D122D12B93F0060F2E0 /* 2024Day18.swift */,
				12F5755C2D14112900DEACE3 /* 2024Day19.swift */,
				129CBE2C2D15471800DE5F82 /* 2024Day20.swift */,
				127904082D16D94200245B9B /* 2024Day21.swift */,
				12C0ECC82D1814680062621F /* 2024Day22.swift */,
				1203FA072D197A1F00664EF4 /* 2024Day23.swift */,
				12F428012D1AF5FD0013FBAC /* 2024Day24.swift */,
				12111E512D1BF41800E836E5 /* 2024Day25.swift */,
			);
			path = 2024;
			sourceTree = "<group>";
		};
		34B3BF5E2CFC715000F36067 /* Resources */ = {
			isa = PBXGroup;
			children = (
				34B3BF452CFC715000F36067 /* Day1Input.txt */,
				34B3BF462CFC715000F36067 /* Day2Input.txt */,
				34B3BF472CFC715000F36067 /* Day3Input.txt */,
				34B3BF482CFC715000F36067 /* Day4Input.txt */,
				34B3BF492CFC715000F36067 /* Day5Input.txt */,
				34B3BF4A2CFC715000F36067 /* Day6Input.txt */,
				34B3BF4B2CFC715000F36067 /* Day7Input.txt */,
				34B3BF4C2CFC715000F36067 /* Day8Input.txt */,
				34B3BF4D2CFC715000F36067 /* Day9Input.txt */,
				34B3BF4E2CFC715000F36067 /* Day10Input.txt */,
				34B3BF4F2CFC715000F36067 /* Day11Input.txt */,
				34B3BF502CFC715000F36067 /* Day12Input.txt */,
				34B3BF512CFC715000F36067 /* Day13Input.txt */,
				34B3BF522CFC715000F36067 /* Day14Input.txt */,
				34B3BF532CFC715000F36067 /* Day15Input.txt */,
				34B3BF542CFC715000F36067 /* Day16Input.txt */,
				34B3BF552CFC715000F36067 /* Day17Input.txt */,
				34B3BF562CFC715000F36067 /* Day18Input.txt */,
				34B3BF572CFC715000F36067 /* Day19Input.txt */,
				34B3BF582CFC715000F36067 /* Day20Input.txt */,
				34B3BF592CFC715000F36067 /* Day21Input.txt */,
				34B3BF5A2CFC715000F36067 /* Day22Input.txt */,
				34B3BF5B2CFC715000F36067 /* Day23Input.txt */,
				34B3BF5C2CFC715000F36067 /* Day24Input.txt */,
				34B3BF5D2CFC715000F36067 /* Day25Input.txt */,
			);
			path = Resources;
			sourceTree = "<group>";
		};
		34B3BF792CFC715000F36067 /* 2023 */ = {
			isa = PBXGroup;
			children = (
				34B3BF5E2CFC715000F36067 /* Resources */,
				34B3BF5F2CFC715000F36067 /* 2023.swift */,
				34B3BF602CFC715000F36067 /* 2023Day1.swift */,
				34B3BF612CFC715000F36067 /* 2023Day2.swift */,
				34B3BF622CFC715000F36067 /* 2023Day3.swift */,
				34B3BF632CFC715000F36067 /* 2023Day4.swift */,
				34B3BF642CFC715000F36067 /* 2023Day5.swift */,
				34B3BF652CFC715000F36067 /* 2023Day6.swift */,
				34B3BF662CFC715000F36067 /* 2023Day7.swift */,
				34B3BF672CFC715000F36067 /* 2023Day8.swift */,
				34B3BF682CFC715000F36067 /* 2023Day9.swift */,
				34B3BF692CFC715000F36067 /* 2023Day10.swift */,
				34B3BF6A2CFC715000F36067 /* 2023Day11.swift */,
				34B3BF6B2CFC715000F36067 /* 2023Day12.swift */,
				34B3BF6C2CFC715000F36067 /* 2023Day13.swift */,
				34B3BF6D2CFC715000F36067 /* 2023Day14.swift */,
				34B3BF6E2CFC715000F36067 /* 2023Day15.swift */,
				34B3BF6F2CFC715000F36067 /* 2023Day16.swift */,
				34B3BF702CFC715000F36067 /* 2023Day17.swift */,
				34B3BF712CFC715000F36067 /* 2023Day18.swift */,
				34B3BF722CFC715000F36067 /* 2023Day19.swift */,
				34B3BF732CFC715000F36067 /* 2023Day20.swift */,
				34B3BF742CFC715000F36067 /* 2023Day21.swift */,
				34B3BF752CFC715000F36067 /* 2023Day22.swift */,
				34B3BF762CFC715000F36067 /* 2023Day23.swift */,
				34B3BF772CFC715000F36067 /* 2023Day24.swift */,
				34B3BF782CFC715000F36067 /* 2023Day25.swift */,
			);
			path = 2023;
			sourceTree = "<group>";
		};
		34B3BFB02CFC716100F36067 /* Resources */ = {
			isa = PBXGroup;
			children = (
				34B3BFAD2CFC716100F36067 /* Day1Input.txt */,
				34B3BFAE2CFC716100F36067 /* Day2Input.txt */,
				34B3BFAF2CFC716100F36067 /* Day3Input.txt */,
				34C95A992CFF6A36002419FB /* Day4Input.txt */,
				34C95A952CFF69F2002419FB /* Day4Input.Test1.txt */,
				34C95A972CFF6A01002419FB /* Day4Input.Test2.txt */,
				34556D802D04D91800423D6F /* Day5Input.Test1.txt */,
				34556D842D04EB0700423D6F /* Day5Input.Test2.txt */,
				34556D822D04DE7E00423D6F /* Day5Input.txt */,
				34580A322D1EAB18002616C6 /* Day6Input.txt */,
			);
			path = Resources;
			sourceTree = "<group>";
		};
		34B3BFB42CFC716100F36067 /* 2015 */ = {
			isa = PBXGroup;
			children = (
				34B3BFB02CFC716100F36067 /* Resources */,
				34B3BFB82CFC717100F36067 /* 2015.swift */,
				34B3BFB12CFC716100F36067 /* 2015Day1.swift */,
				34B3BFB22CFC716100F36067 /* 2015Day2.swift */,
				34B3BFB32CFC716100F36067 /* 2015Day3.swift */,
				34C95A932CFF6560002419FB /* 2015Day4.swift */,
				34556D7E2D04D90E00423D6F /* 2015Day5.swift */,
				34580A302D1EAA1A002616C6 /* 2015Day6.swift */,
			);
			path = 2015;
			sourceTree = "<group>";
		};
/* End PBXGroup section */

/* Begin PBXNativeTarget section */
		1271D49B2B38D216006133F9 /* Advent of Code */ = {
			isa = PBXNativeTarget;
			buildConfigurationList = 1271D4A32B38D216006133F9 /* Build configuration list for PBXNativeTarget "Advent of Code" */;
			buildPhases = (
				1271D4982B38D216006133F9 /* Sources */,
				1271D4992B38D216006133F9 /* Frameworks */,
				129822D52B38D47300EA63D9 /* Embed Frameworks */,
				34B3BFBA2CFC719600F36067 /* Resources.2015 */,
				34B3BF2A2CFC698C00F36067 /* Resources.2023 */,
				1271D49A2B38D216006133F9 /* Resources.2024 */,
			);
			buildRules = (
			);
			dependencies = (
			);
			name = "Advent of Code";
			packageProductDependencies = (
				129822CF2B38D30900EA63D9 /* SwiftZ3 */,
				125B8F0B2B38D7370072A38C /* SwiftZ3 */,
				12E7E8FB2D0307CA0061F34D /* Atomics */,
				12C4B2BB2D11F94C0096ED00 /* BitCollections */,
				12C4B2BD2D11F94C0096ED00 /* Collections */,
				12C4B2BF2D11F94D0096ED00 /* DequeModule */,
				12C4B2C12D11F94D0096ED00 /* HashTreeCollections */,
				12C4B2C32D11F94D0096ED00 /* HeapModule */,
				12C0ECD12D1848C90062621F /* Algorithms */,
			);
			productName = "Advent of Code";
			productReference = 1271D49C2B38D216006133F9 /* Advent of Code */;
			productType = "com.apple.product-type.tool";
		};
/* End PBXNativeTarget section */

/* Begin PBXProject section */
		1271D4942B38D216006133F9 /* Project object */ = {
			isa = PBXProject;
			attributes = {
				BuildIndependentTargetsInParallel = 1;
				LastSwiftUpdateCheck = 1510;
				LastUpgradeCheck = 1600;
				TargetAttributes = {
					1271D49B2B38D216006133F9 = {
						CreatedOnToolsVersion = 15.1;
					};
				};
			};
			buildConfigurationList = 1271D4972B38D216006133F9 /* Build configuration list for PBXProject "Advent of Code" */;
			compatibilityVersion = "Xcode 14.0";
			developmentRegion = en;
			hasScannedForEncodings = 0;
			knownRegions = (
				en,
				Base,
			);
			mainGroup = 1271D4932B38D216006133F9;
			packageReferences = (
				129822CE2B38D30900EA63D9 /* XCRemoteSwiftPackageReference "swift-z3" */,
				12E7E8FA2D0307CA0061F34D /* XCRemoteSwiftPackageReference "swift-atomics" */,
				12C4B2BA2D11F94C0096ED00 /* XCRemoteSwiftPackageReference "swift-collections" */,
				12C0ECD02D1848C90062621F /* XCRemoteSwiftPackageReference "swift-algorithms" */,
			);
			productRefGroup = 1271D49D2B38D216006133F9 /* Products */;
			projectDirPath = "";
			projectRoot = "";
			targets = (
				1271D49B2B38D216006133F9 /* Advent of Code */,
			);
		};
/* End PBXProject section */

/* Begin PBXSourcesBuildPhase section */
		1271D4982B38D216006133F9 /* Sources */ = {
			isa = PBXSourcesBuildPhase;
			buildActionMask = 2147483647;
			files = (
				34556DE92D0D7CD400423D6F /* 2024Day14.swift in Sources */,
				1271D4A02B38D216006133F9 /* main.swift in Sources */,
				12C0B8CB2D098645009D5F34 /* 2024Day11.swift in Sources */,
				12A17D132D12B93F0060F2E0 /* 2024Day18.swift in Sources */,
				34AFBB1F2D0422F10088ED8F /* 2024Day7.swift in Sources */,
				34B3BE8D2CFC576500F36067 /* Direction2D.swift in Sources */,
				34B3BEA32CFC5BA500F36067 /* 2024.swift in Sources */,
				12C0ECC92D1814680062621F /* 2024Day22.swift in Sources */,
				34B3BEA42CFC5BA500F36067 /* 2024Day1.swift in Sources */,
				12C0ECD42D1855940062621F /* Collection+Parallel.swift in Sources */,
				34C95A942CFF6560002419FB /* 2015Day4.swift in Sources */,
				34B3BE8E2CFC576500F36067 /* Sequence.swift in Sources */,
				1238C8222CFD9B4F00F6AC66 /* 2024Day2.swift in Sources */,
				34B3BFC32CFC762A00F36067 /* AoC.swift in Sources */,
				34B3BE912CFC576500F36067 /* Math.swift in Sources */,
				12D6EED92D101D1F00B7F485 /* 2024Day16.swift in Sources */,
				34B3BF7A2CFC715000F36067 /* 2023.swift in Sources */,
				34B3BF7B2CFC715000F36067 /* 2023Day1.swift in Sources */,
				34556D7F2D04D90E00423D6F /* 2015Day5.swift in Sources */,
				12967F4B2D0C275B004AB58D /* 2024Day13.swift in Sources */,
				123393BB2D086FBF00DD956D /* 2024Day10.swift in Sources */,
				34B3BF7C2CFC715000F36067 /* 2023Day2.swift in Sources */,
				12AEC57B2D0AFBC30009AD13 /* 2024Day12.swift in Sources */,
				34B3BF7D2CFC715000F36067 /* 2023Day3.swift in Sources */,
				127D21A32D019101009D0C6E /* 2024Day5.swift in Sources */,
				34B3BF7E2CFC715000F36067 /* 2023Day4.swift in Sources */,
				129CBE2D2D15471800DE5F82 /* 2024Day20.swift in Sources */,
				34B3BF7F2CFC715000F36067 /* 2023Day5.swift in Sources */,
				34B3BF802CFC715000F36067 /* 2023Day6.swift in Sources */,
				34B3BF812CFC715000F36067 /* 2023Day7.swift in Sources */,
				34B3BF822CFC715000F36067 /* 2023Day8.swift in Sources */,
				34B3BF832CFC715000F36067 /* 2023Day9.swift in Sources */,
				34B3BF842CFC715000F36067 /* 2023Day10.swift in Sources */,
				34B3BF852CFC715000F36067 /* 2023Day11.swift in Sources */,
				34B3BFB52CFC716100F36067 /* 2015Day1.swift in Sources */,
				34B3BFB62CFC716100F36067 /* 2015Day3.swift in Sources */,
				34B3BFB72CFC716100F36067 /* 2015Day2.swift in Sources */,
				34B3BF862CFC715000F36067 /* 2023Day12.swift in Sources */,
				12C4B2B72D11B1E80096ED00 /* 2024Day17.swift in Sources */,
				34B3BF872CFC715000F36067 /* 2023Day13.swift in Sources */,
				127904092D16D94200245B9B /* 2024Day21.swift in Sources */,
				12111E522D1BF41800E836E5 /* 2024Day25.swift in Sources */,
				34B3BF882CFC715000F36067 /* 2023Day14.swift in Sources */,
				34B3BF892CFC715000F36067 /* 2023Day15.swift in Sources */,
				34580A312D1EAA1A002616C6 /* 2015Day6.swift in Sources */,
				34B3BF8A2CFC715000F36067 /* 2023Day16.swift in Sources */,
				12F428022D1AF5FD0013FBAC /* 2024Day24.swift in Sources */,
				34B3BF8B2CFC715000F36067 /* 2023Day17.swift in Sources */,
				34B3BFB92CFC717400F36067 /* 2015.swift in Sources */,
				12F5755D2D14112900DEACE3 /* 2024Day19.swift in Sources */,
				34B3BF8C2CFC715000F36067 /* 2023Day18.swift in Sources */,
				34B3BF8D2CFC715000F36067 /* 2023Day19.swift in Sources */,
				34B3BF8E2CFC715000F36067 /* 2023Day20.swift in Sources */,
				34B3BF8F2CFC715000F36067 /* 2023Day21.swift in Sources */,
				34AFBAA82D001BC40088ED8F /* 2024Day4.swift in Sources */,
				34556D892D05929200423D6F /* 2024Day8.swift in Sources */,
				34B3BF902CFC715000F36067 /* 2023Day22.swift in Sources */,
				34B3BF912CFC715000F36067 /* 2023Day23.swift in Sources */,
				34556D8F2D06B47F00423D6F /* 2024Day9.swift in Sources */,
				12E7E8F52D02E65F0061F34D /* 2024Day6.swift in Sources */,
				34B3BF922CFC715000F36067 /* 2023Day24.swift in Sources */,
				34B3BF932CFC715000F36067 /* 2023Day25.swift in Sources */,
				34B3BE922CFC576500F36067 /* Collection.swift in Sources */,
				12E1960A2D0EE336001D9DC2 /* 2024Day15.swift in Sources */,
				34B3BE932CFC576500F36067 /* Point2D.swift in Sources */,
				1203FA082D197A1F00664EF4 /* 2024Day23.swift in Sources */,
				34C95A592CFEC5F6002419FB /* 2024Day3.swift in Sources */,
				34B3BE942CFC576500F36067 /* String.swift in Sources */,
				34B3BE952CFC576500F36067 /* Beam2D.swift in Sources */,
			);
			runOnlyForDeploymentPostprocessing = 0;
		};
/* End PBXSourcesBuildPhase section */

/* Begin XCBuildConfiguration section */
		1271D4A12B38D216006133F9 /* Debug */ = {
			isa = XCBuildConfiguration;
			buildSettings = {
				ALWAYS_SEARCH_USER_PATHS = NO;
				ASSETCATALOG_COMPILER_GENERATE_SWIFT_ASSET_SYMBOL_EXTENSIONS = YES;
				CLANG_ANALYZER_NONNULL = YES;
				CLANG_ANALYZER_NUMBER_OBJECT_CONVERSION = YES_AGGRESSIVE;
				CLANG_CXX_LANGUAGE_STANDARD = "gnu++20";
				CLANG_ENABLE_MODULES = YES;
				CLANG_ENABLE_OBJC_ARC = YES;
				CLANG_ENABLE_OBJC_WEAK = YES;
				CLANG_WARN_BLOCK_CAPTURE_AUTORELEASING = YES;
				CLANG_WARN_BOOL_CONVERSION = YES;
				CLANG_WARN_COMMA = YES;
				CLANG_WARN_CONSTANT_CONVERSION = YES;
				CLANG_WARN_DEPRECATED_OBJC_IMPLEMENTATIONS = YES;
				CLANG_WARN_DIRECT_OBJC_ISA_USAGE = YES_ERROR;
				CLANG_WARN_DOCUMENTATION_COMMENTS = YES;
				CLANG_WARN_EMPTY_BODY = YES;
				CLANG_WARN_ENUM_CONVERSION = YES;
				CLANG_WARN_INFINITE_RECURSION = YES;
				CLANG_WARN_INT_CONVERSION = YES;
				CLANG_WARN_NON_LITERAL_NULL_CONVERSION = YES;
				CLANG_WARN_OBJC_IMPLICIT_RETAIN_SELF = YES;
				CLANG_WARN_OBJC_LITERAL_CONVERSION = YES;
				CLANG_WARN_OBJC_ROOT_CLASS = YES_ERROR;
				CLANG_WARN_QUOTED_INCLUDE_IN_FRAMEWORK_HEADER = YES;
				CLANG_WARN_RANGE_LOOP_ANALYSIS = YES;
				CLANG_WARN_STRICT_PROTOTYPES = YES;
				CLANG_WARN_SUSPICIOUS_MOVE = YES;
				CLANG_WARN_UNGUARDED_AVAILABILITY = YES_AGGRESSIVE;
				CLANG_WARN_UNREACHABLE_CODE = YES;
				CLANG_WARN__DUPLICATE_METHOD_MATCH = YES;
				COPY_PHASE_STRIP = NO;
				DEAD_CODE_STRIPPING = YES;
				DEBUG_INFORMATION_FORMAT = dwarf;
				ENABLE_STRICT_OBJC_MSGSEND = YES;
				ENABLE_TESTABILITY = YES;
				ENABLE_USER_SCRIPT_SANDBOXING = YES;
				GCC_C_LANGUAGE_STANDARD = gnu17;
				GCC_DYNAMIC_NO_PIC = NO;
				GCC_NO_COMMON_BLOCKS = YES;
				GCC_OPTIMIZATION_LEVEL = 0;
				GCC_PREPROCESSOR_DEFINITIONS = (
					"DEBUG=1",
					"$(inherited)",
				);
				GCC_WARN_64_TO_32_BIT_CONVERSION = YES;
				GCC_WARN_ABOUT_RETURN_TYPE = YES_ERROR;
				GCC_WARN_UNDECLARED_SELECTOR = YES;
				GCC_WARN_UNINITIALIZED_AUTOS = YES_AGGRESSIVE;
				GCC_WARN_UNUSED_FUNCTION = YES;
				GCC_WARN_UNUSED_VARIABLE = YES;
				LOCALIZATION_PREFERS_STRING_CATALOGS = YES;
				MACOSX_DEPLOYMENT_TARGET = 13.5;
				MTL_ENABLE_DEBUG_INFO = INCLUDE_SOURCE;
				MTL_FAST_MATH = YES;
				ONLY_ACTIVE_ARCH = YES;
				SDKROOT = macosx;
				SWIFT_ACTIVE_COMPILATION_CONDITIONS = "DEBUG $(inherited)";
				SWIFT_OPTIMIZATION_LEVEL = "-Onone";
			};
			name = Debug;
		};
		1271D4A22B38D216006133F9 /* Release */ = {
			isa = XCBuildConfiguration;
			buildSettings = {
				ALWAYS_SEARCH_USER_PATHS = NO;
				ASSETCATALOG_COMPILER_GENERATE_SWIFT_ASSET_SYMBOL_EXTENSIONS = YES;
				CLANG_ANALYZER_NONNULL = YES;
				CLANG_ANALYZER_NUMBER_OBJECT_CONVERSION = YES_AGGRESSIVE;
				CLANG_CXX_LANGUAGE_STANDARD = "gnu++20";
				CLANG_ENABLE_MODULES = YES;
				CLANG_ENABLE_OBJC_ARC = YES;
				CLANG_ENABLE_OBJC_WEAK = YES;
				CLANG_WARN_BLOCK_CAPTURE_AUTORELEASING = YES;
				CLANG_WARN_BOOL_CONVERSION = YES;
				CLANG_WARN_COMMA = YES;
				CLANG_WARN_CONSTANT_CONVERSION = YES;
				CLANG_WARN_DEPRECATED_OBJC_IMPLEMENTATIONS = YES;
				CLANG_WARN_DIRECT_OBJC_ISA_USAGE = YES_ERROR;
				CLANG_WARN_DOCUMENTATION_COMMENTS = YES;
				CLANG_WARN_EMPTY_BODY = YES;
				CLANG_WARN_ENUM_CONVERSION = YES;
				CLANG_WARN_INFINITE_RECURSION = YES;
				CLANG_WARN_INT_CONVERSION = YES;
				CLANG_WARN_NON_LITERAL_NULL_CONVERSION = YES;
				CLANG_WARN_OBJC_IMPLICIT_RETAIN_SELF = YES;
				CLANG_WARN_OBJC_LITERAL_CONVERSION = YES;
				CLANG_WARN_OBJC_ROOT_CLASS = YES_ERROR;
				CLANG_WARN_QUOTED_INCLUDE_IN_FRAMEWORK_HEADER = YES;
				CLANG_WARN_RANGE_LOOP_ANALYSIS = YES;
				CLANG_WARN_STRICT_PROTOTYPES = YES;
				CLANG_WARN_SUSPICIOUS_MOVE = YES;
				CLANG_WARN_UNGUARDED_AVAILABILITY = YES_AGGRESSIVE;
				CLANG_WARN_UNREACHABLE_CODE = YES;
				CLANG_WARN__DUPLICATE_METHOD_MATCH = YES;
				COPY_PHASE_STRIP = NO;
				DEAD_CODE_STRIPPING = YES;
				DEBUG_INFORMATION_FORMAT = "dwarf-with-dsym";
				ENABLE_NS_ASSERTIONS = NO;
				ENABLE_STRICT_OBJC_MSGSEND = YES;
				ENABLE_USER_SCRIPT_SANDBOXING = YES;
				GCC_C_LANGUAGE_STANDARD = gnu17;
				GCC_NO_COMMON_BLOCKS = YES;
				GCC_OPTIMIZATION_LEVEL = fast;
				GCC_WARN_64_TO_32_BIT_CONVERSION = YES;
				GCC_WARN_ABOUT_RETURN_TYPE = YES_ERROR;
				GCC_WARN_UNDECLARED_SELECTOR = YES;
				GCC_WARN_UNINITIALIZED_AUTOS = YES_AGGRESSIVE;
				GCC_WARN_UNUSED_FUNCTION = YES;
				GCC_WARN_UNUSED_VARIABLE = YES;
				LOCALIZATION_PREFERS_STRING_CATALOGS = YES;
				MACOSX_DEPLOYMENT_TARGET = 13.5;
				MTL_ENABLE_DEBUG_INFO = NO;
				MTL_FAST_MATH = YES;
				SDKROOT = macosx;
				SWIFT_COMPILATION_MODE = wholemodule;
			};
			name = Release;
		};
		1271D4A42B38D216006133F9 /* Debug */ = {
			isa = XCBuildConfiguration;
			buildSettings = {
				CODE_SIGN_STYLE = Automatic;
				DEAD_CODE_STRIPPING = YES;
				PRODUCT_NAME = "$(TARGET_NAME)";
				SWIFT_VERSION = 5.0;
			};
			name = Debug;
		};
		1271D4A52B38D216006133F9 /* Release */ = {
			isa = XCBuildConfiguration;
			buildSettings = {
				CODE_SIGN_STYLE = Automatic;
				DEAD_CODE_STRIPPING = YES;
				PRODUCT_NAME = "$(TARGET_NAME)";
				SWIFT_VERSION = 5.0;
			};
			name = Release;
		};
/* End XCBuildConfiguration section */

/* Begin XCConfigurationList section */
		1271D4972B38D216006133F9 /* Build configuration list for PBXProject "Advent of Code" */ = {
			isa = XCConfigurationList;
			buildConfigurations = (
				1271D4A12B38D216006133F9 /* Debug */,
				1271D4A22B38D216006133F9 /* Release */,
			);
			defaultConfigurationIsVisible = 0;
			defaultConfigurationName = Release;
		};
		1271D4A32B38D216006133F9 /* Build configuration list for PBXNativeTarget "Advent of Code" */ = {
			isa = XCConfigurationList;
			buildConfigurations = (
				1271D4A42B38D216006133F9 /* Debug */,
				1271D4A52B38D216006133F9 /* Release */,
			);
			defaultConfigurationIsVisible = 0;
			defaultConfigurationName = Release;
		};
/* End XCConfigurationList section */

/* Begin XCRemoteSwiftPackageReference section */
		129822CE2B38D30900EA63D9 /* XCRemoteSwiftPackageReference "swift-z3" */ = {
			isa = XCRemoteSwiftPackageReference;
			repositoryURL = "https://github.com/LuizZak/swift-z3.git";
			requirement = {
				branch = master;
				kind = branch;
			};
		};
		12C0ECD02D1848C90062621F /* XCRemoteSwiftPackageReference "swift-algorithms" */ = {
			isa = XCRemoteSwiftPackageReference;
			repositoryURL = "https://github.com/apple/swift-algorithms.git";
			requirement = {
				kind = upToNextMajorVersion;
				minimumVersion = 1.2.0;
			};
		};
		12C4B2BA2D11F94C0096ED00 /* XCRemoteSwiftPackageReference "swift-collections" */ = {
			isa = XCRemoteSwiftPackageReference;
			repositoryURL = "https://github.com/apple/swift-collections.git";
			requirement = {
				kind = upToNextMajorVersion;
				minimumVersion = 1.1.4;
			};
		};
		12E7E8FA2D0307CA0061F34D /* XCRemoteSwiftPackageReference "swift-atomics" */ = {
			isa = XCRemoteSwiftPackageReference;
			repositoryURL = "https://github.com/apple/swift-atomics.git";
			requirement = {
				kind = upToNextMajorVersion;
				minimumVersion = 1.2.0;
			};
		};
/* End XCRemoteSwiftPackageReference section */

/* Begin XCSwiftPackageProductDependency section */
		125B8F0B2B38D7370072A38C /* SwiftZ3 */ = {
			isa = XCSwiftPackageProductDependency;
			package = 129822CE2B38D30900EA63D9 /* XCRemoteSwiftPackageReference "swift-z3" */;
			productName = SwiftZ3;
		};
		129822CF2B38D30900EA63D9 /* SwiftZ3 */ = {
			isa = XCSwiftPackageProductDependency;
			package = 129822CE2B38D30900EA63D9 /* XCRemoteSwiftPackageReference "swift-z3" */;
			productName = SwiftZ3;
		};
		12C0ECD12D1848C90062621F /* Algorithms */ = {
			isa = XCSwiftPackageProductDependency;
			package = 12C0ECD02D1848C90062621F /* XCRemoteSwiftPackageReference "swift-algorithms" */;
			productName = Algorithms;
		};
		12C4B2BB2D11F94C0096ED00 /* BitCollections */ = {
			isa = XCSwiftPackageProductDependency;
			package = 12C4B2BA2D11F94C0096ED00 /* XCRemoteSwiftPackageReference "swift-collections" */;
			productName = BitCollections;
		};
		12C4B2BD2D11F94C0096ED00 /* Collections */ = {
			isa = XCSwiftPackageProductDependency;
			package = 12C4B2BA2D11F94C0096ED00 /* XCRemoteSwiftPackageReference "swift-collections" */;
			productName = Collections;
		};
		12C4B2BF2D11F94D0096ED00 /* DequeModule */ = {
			isa = XCSwiftPackageProductDependency;
			package = 12C4B2BA2D11F94C0096ED00 /* XCRemoteSwiftPackageReference "swift-collections" */;
			productName = DequeModule;
		};
		12C4B2C12D11F94D0096ED00 /* HashTreeCollections */ = {
			isa = XCSwiftPackageProductDependency;
			package = 12C4B2BA2D11F94C0096ED00 /* XCRemoteSwiftPackageReference "swift-collections" */;
			productName = HashTreeCollections;
		};
		12C4B2C32D11F94D0096ED00 /* HeapModule */ = {
			isa = XCSwiftPackageProductDependency;
			package = 12C4B2BA2D11F94C0096ED00 /* XCRemoteSwiftPackageReference "swift-collections" */;
			productName = HeapModule;
		};
		12E7E8FB2D0307CA0061F34D /* Atomics */ = {
			isa = XCSwiftPackageProductDependency;
			package = 12E7E8FA2D0307CA0061F34D /* XCRemoteSwiftPackageReference "swift-atomics" */;
			productName = Atomics;
		};
/* End XCSwiftPackageProductDependency section */
	};
	rootObject = 1271D4942B38D216006133F9 /* Project object */;
}
